// !$*UTF8*$!
{
	archiveVersion = 1;
	classes = {
	};
	objectVersion = 46;
	objects = {

/* Begin PBXBuildFile section */
		3E2754361F6F56580010053E /* HYGoodHealthModel.m in Sources */ = {isa = PBXBuildFile; fileRef = 3E2754351F6F56580010053E /* HYGoodHealthModel.m */; };
		3E2754391F6F56EE0010053E /* HYItemListModel.m in Sources */ = {isa = PBXBuildFile; fileRef = 3E2754381F6F56EE0010053E /* HYItemListModel.m */; };
		3E27543C1F6F61E40010053E /* HYHomeTagsCollectionViewCell.m in Sources */ = {isa = PBXBuildFile; fileRef = 3E27543B1F6F61E40010053E /* HYHomeTagsCollectionViewCell.m */; };
		3E27543F1F6F64630010053E /* HYTagsItemModel.m in Sources */ = {isa = PBXBuildFile; fileRef = 3E27543E1F6F64630010053E /* HYTagsItemModel.m */; };
		3E2754421F6F6CD00010053E /* HYBrands.m in Sources */ = {isa = PBXBuildFile; fileRef = 3E2754411F6F6CD00010053E /* HYBrands.m */; };
		3E2754451F6F71DE0010053E /* HYTypeRecommendCell.m in Sources */ = {isa = PBXBuildFile; fileRef = 3E2754441F6F71DE0010053E /* HYTypeRecommendCell.m */; };
		3E2754481F6F727C0010053E /* HYTypeRecommendCollectionViewCell.m in Sources */ = {isa = PBXBuildFile; fileRef = 3E2754471F6F727C0010053E /* HYTypeRecommendCollectionViewCell.m */; };
		3E27544B1F6F734B0010053E /* HYTypeRecommendItemModel.m in Sources */ = {isa = PBXBuildFile; fileRef = 3E27544A1F6F734B0010053E /* HYTypeRecommendItemModel.m */; };
		3E27544E1F6F952B0010053E /* HYSortModel.m in Sources */ = {isa = PBXBuildFile; fileRef = 3E27544D1F6F952B0010053E /* HYSortModel.m */; };
		3E2754511F6F96E00010053E /* HYSortTableViewCell.m in Sources */ = {isa = PBXBuildFile; fileRef = 3E2754501F6F96E00010053E /* HYSortTableViewCell.m */; };
		3E2754551F6F9C6B0010053E /* HYLoginViewController.m in Sources */ = {isa = PBXBuildFile; fileRef = 3E2754541F6F9C6B0010053E /* HYLoginViewController.m */; };
		3E2754581F6F9D520010053E /* HYLoginView.m in Sources */ = {isa = PBXBuildFile; fileRef = 3E2754571F6F9D520010053E /* HYLoginView.m */; };
		3E27545B1F6FBF3A0010053E /* HYCompleteInfoViewController.m in Sources */ = {isa = PBXBuildFile; fileRef = 3E27545A1F6FBF3A0010053E /* HYCompleteInfoViewController.m */; };
		3E27545E1F6FBF850010053E /* HYCompleteView.m in Sources */ = {isa = PBXBuildFile; fileRef = 3E27545D1F6FBF850010053E /* HYCompleteView.m */; };
		3E2754611F6FD6610010053E /* HYSetPasswordViewController.m in Sources */ = {isa = PBXBuildFile; fileRef = 3E2754601F6FD6610010053E /* HYSetPasswordViewController.m */; };
		3E2754641F70AA4A0010053E /* HYMineHeaderView.m in Sources */ = {isa = PBXBuildFile; fileRef = 3E2754631F70AA4A0010053E /* HYMineHeaderView.m */; };
		3E2754681F70B2620010053E /* HYInviteFriendsTableViewCell.m in Sources */ = {isa = PBXBuildFile; fileRef = 3E2754671F70B2620010053E /* HYInviteFriendsTableViewCell.m */; };
		3E27546B1F70B2970010053E /* HYOrderTableViewCell.m in Sources */ = {isa = PBXBuildFile; fileRef = 3E27546A1F70B2970010053E /* HYOrderTableViewCell.m */; };
		3E27546E1F70B2BC0010053E /* HYMineInfoTableViewCell.m in Sources */ = {isa = PBXBuildFile; fileRef = 3E27546D1F70B2BC0010053E /* HYMineInfoTableViewCell.m */; };
		3E2754711F70C06C0010053E /* HYButton.m in Sources */ = {isa = PBXBuildFile; fileRef = 3E2754701F70C06C0010053E /* HYButton.m */; };
		3E2754741F70D3600010053E /* HYUserModel.m in Sources */ = {isa = PBXBuildFile; fileRef = 3E2754731F70D3600010053E /* HYUserModel.m */; };
		3E27547A1F70EDF10010053E /* HYUserHandle.m in Sources */ = {isa = PBXBuildFile; fileRef = 3E2754791F70EDF10010053E /* HYUserHandle.m */; };
		3E27547F1F70FBED0010053E /* HYNoGoodsTableViewCell.m in Sources */ = {isa = PBXBuildFile; fileRef = 3E27547E1F70FBED0010053E /* HYNoGoodsTableViewCell.m */; };
		3E2754841F7101540010053E /* HYGoodsItemCollectionViewCell.m in Sources */ = {isa = PBXBuildFile; fileRef = 3E2754831F7101540010053E /* HYGoodsItemCollectionViewCell.m */; };
		3E2754881F710DCF0010053E /* HYGoodsItemModel.m in Sources */ = {isa = PBXBuildFile; fileRef = 3E2754871F710DCF0010053E /* HYGoodsItemModel.m */; };
		3E27548B1F7111800010053E /* HYRequestGoodsList.m in Sources */ = {isa = PBXBuildFile; fileRef = 3E27548A1F7111800010053E /* HYRequestGoodsList.m */; };
		3E2754911F7200CD0010053E /* HYGoodsListViewController.m in Sources */ = {isa = PBXBuildFile; fileRef = 3E2754901F7200CD0010053E /* HYGoodsListViewController.m */; };
		3E27549B1F72166E0010053E /* HYGoodsDetailInfoViewController.m in Sources */ = {isa = PBXBuildFile; fileRef = 3E27549A1F72166E0010053E /* HYGoodsDetailInfoViewController.m */; };
		3E27549E1F72185F0010053E /* HYGoodsDetailModel.m in Sources */ = {isa = PBXBuildFile; fileRef = 3E27549D1F72185F0010053E /* HYGoodsDetailModel.m */; };
		3E2754A11F721AC00010053E /* HYGoodsItemProp.m in Sources */ = {isa = PBXBuildFile; fileRef = 3E2754A01F721AC00010053E /* HYGoodsItemProp.m */; };
		3E2754A41F721BE60010053E /* HYGoodsItemImage.m in Sources */ = {isa = PBXBuildFile; fileRef = 3E2754A31F721BE60010053E /* HYGoodsItemImage.m */; };
		3E56201E1F6B6A800063AA5B /* main.m in Sources */ = {isa = PBXBuildFile; fileRef = 3E56201D1F6B6A800063AA5B /* main.m */; };
		3E5620211F6B6A800063AA5B /* AppDelegate.m in Sources */ = {isa = PBXBuildFile; fileRef = 3E5620201F6B6A800063AA5B /* AppDelegate.m */; };
		3E5620291F6B6A800063AA5B /* Assets.xcassets in Resources */ = {isa = PBXBuildFile; fileRef = 3E5620281F6B6A800063AA5B /* Assets.xcassets */; };
		3E56204B1F6B6D440063AA5B /* HYBaseModel.m in Sources */ = {isa = PBXBuildFile; fileRef = 3E56204A1F6B6D440063AA5B /* HYBaseModel.m */; };
		3E56204E1F6B6D5C0063AA5B /* HYBaseViewController.m in Sources */ = {isa = PBXBuildFile; fileRef = 3E56204D1F6B6D5C0063AA5B /* HYBaseViewController.m */; };
		3E5620511F6B6D720063AA5B /* HYBaseNavController.m in Sources */ = {isa = PBXBuildFile; fileRef = 3E5620501F6B6D720063AA5B /* HYBaseNavController.m */; };
		3E5620781F6B6DAC0063AA5B /* MBProgressHUD+HYExtension.m in Sources */ = {isa = PBXBuildFile; fileRef = 3E5620541F6B6DAC0063AA5B /* MBProgressHUD+HYExtension.m */; };
		3E5620791F6B6DAC0063AA5B /* UIColor+HexString.m in Sources */ = {isa = PBXBuildFile; fileRef = 3E5620561F6B6DAC0063AA5B /* UIColor+HexString.m */; };
		3E56207A1F6B6DAC0063AA5B /* UIView+Toast.m in Sources */ = {isa = PBXBuildFile; fileRef = 3E5620581F6B6DAC0063AA5B /* UIView+Toast.m */; };
		3E56207B1F6B6DAC0063AA5B /* Const.m in Sources */ = {isa = PBXBuildFile; fileRef = 3E56205B1F6B6DAC0063AA5B /* Const.m */; };
		3E56207E1F6B6DAC0063AA5B /* HTTPManager.m in Sources */ = {isa = PBXBuildFile; fileRef = 3E5620641F6B6DAC0063AA5B /* HTTPManager.m */; };
		3E56207F1F6B6DAC0063AA5B /* DESECB.m in Sources */ = {isa = PBXBuildFile; fileRef = 3E5620671F6B6DAC0063AA5B /* DESECB.m */; };
		3E5620801F6B6DAC0063AA5B /* GTMBase64.m in Sources */ = {isa = PBXBuildFile; fileRef = 3E5620691F6B6DAC0063AA5B /* GTMBase64.m */; };
		3E5620811F6B6DAC0063AA5B /* HYImagePickerManager.m in Sources */ = {isa = PBXBuildFile; fileRef = 3E56206D1F6B6DAC0063AA5B /* HYImagePickerManager.m */; };
		3E5620821F6B6DAC0063AA5B /* HYLocationManager.m in Sources */ = {isa = PBXBuildFile; fileRef = 3E56206F1F6B6DAC0063AA5B /* HYLocationManager.m */; };
		3E5620831F6B6DAC0063AA5B /* HYPhoneInfo.m in Sources */ = {isa = PBXBuildFile; fileRef = 3E5620711F6B6DAC0063AA5B /* HYPhoneInfo.m */; };
		3E5620841F6B6DAC0063AA5B /* HYPhotoBrowseView.m in Sources */ = {isa = PBXBuildFile; fileRef = 3E5620731F6B6DAC0063AA5B /* HYPhotoBrowseView.m */; };
		3E5620851F6B6DAC0063AA5B /* JRToast.m in Sources */ = {isa = PBXBuildFile; fileRef = 3E5620751F6B6DAC0063AA5B /* JRToast.m */; };
		3E5620861F6B6DAC0063AA5B /* TitleRoll.m in Sources */ = {isa = PBXBuildFile; fileRef = 3E5620771F6B6DAC0063AA5B /* TitleRoll.m */; };
		3E56208B1F6B72750063AA5B /* HYTabBarController.m in Sources */ = {isa = PBXBuildFile; fileRef = 3E56208A1F6B72750063AA5B /* HYTabBarController.m */; };
		3E56208E1F6B728E0063AA5B /* HYHomePageViewController.m in Sources */ = {isa = PBXBuildFile; fileRef = 3E56208D1F6B728E0063AA5B /* HYHomePageViewController.m */; };
		3E5620911F6B72D90063AA5B /* HYSortViewController.m in Sources */ = {isa = PBXBuildFile; fileRef = 3E5620901F6B72D90063AA5B /* HYSortViewController.m */; };
		3E5620941F6B72E90063AA5B /* HYShoppingCartViewController.m in Sources */ = {isa = PBXBuildFile; fileRef = 3E5620931F6B72E90063AA5B /* HYShoppingCartViewController.m */; };
		3E5620971F6B72F30063AA5B /* HYMineViewController.m in Sources */ = {isa = PBXBuildFile; fileRef = 3E5620961F6B72F30063AA5B /* HYMineViewController.m */; };
		3E56209A1F6B7BB10063AA5B /* HYNavTitleView.m in Sources */ = {isa = PBXBuildFile; fileRef = 3E5620991F6B7BB10063AA5B /* HYNavTitleView.m */; };
		3E56209E1F6B9EEF0063AA5B /* HYHomePageModel.m in Sources */ = {isa = PBXBuildFile; fileRef = 3E56209D1F6B9EEF0063AA5B /* HYHomePageModel.m */; };
		3E5620A11F6BA0D60063AA5B /* HYHomePageView.m in Sources */ = {isa = PBXBuildFile; fileRef = 3E5620A01F6BA0D60063AA5B /* HYHomePageView.m */; };
		3E5620A41F6BA16D0063AA5B /* HYHomeViewModel.m in Sources */ = {isa = PBXBuildFile; fileRef = 3E5620A31F6BA16D0063AA5B /* HYHomeViewModel.m */; };
		3E5620A81F6BBD550063AA5B /* HYHomeImgCell.m in Sources */ = {isa = PBXBuildFile; fileRef = 3E5620A71F6BBD550063AA5B /* HYHomeImgCell.m */; };
		3E5620B11F6BBDC00063AA5B /* HYHomeTitleScrollCell.m in Sources */ = {isa = PBXBuildFile; fileRef = 3E5620B01F6BBDC00063AA5B /* HYHomeTitleScrollCell.m */; };
		3E5620B41F6BBDD00063AA5B /* HYHomeImgScrollCell.m in Sources */ = {isa = PBXBuildFile; fileRef = 3E5620B31F6BBDD00063AA5B /* HYHomeImgScrollCell.m */; };
		3E5620B71F6BBDE40063AA5B /* HYHomeCollectionCell.m in Sources */ = {isa = PBXBuildFile; fileRef = 3E5620B61F6BBDE40063AA5B /* HYHomeCollectionCell.m */; };
		3E5620BA1F6BBDFE0063AA5B /* HYHomeBannerCell.m in Sources */ = {isa = PBXBuildFile; fileRef = 3E5620B91F6BBDFE0063AA5B /* HYHomeBannerCell.m */; };
		3E5620BD1F6BBE550063AA5B /* HYHomeDoodsCell.m in Sources */ = {isa = PBXBuildFile; fileRef = 3E5620BC1F6BBE550063AA5B /* HYHomeDoodsCell.m */; };
		3E934DDC1F6BD4CE00F3ADE4 /* HYHomeCollectionViewCell.m in Sources */ = {isa = PBXBuildFile; fileRef = 3E934DDB1F6BD4CE00F3ADE4 /* HYHomeCollectionViewCell.m */; };
		3E934DDF1F6BD78100F3ADE4 /* HYReCommendTday.m in Sources */ = {isa = PBXBuildFile; fileRef = 3E934DDE1F6BD78100F3ADE4 /* HYReCommendTday.m */; };
		3EA0BC021F725CA100F78FDD /* HYProductsImageCell.m in Sources */ = {isa = PBXBuildFile; fileRef = 3EA0BC011F725CA100F78FDD /* HYProductsImageCell.m */; };
		3EA0BC061F725CDB00F78FDD /* HYProductsInfoTableViewCell.m in Sources */ = {isa = PBXBuildFile; fileRef = 3EA0BC051F725CDB00F78FDD /* HYProductsInfoTableViewCell.m */; };
		3EA0BC091F725D2600F78FDD /* HYProductsSpecificationCell.m in Sources */ = {isa = PBXBuildFile; fileRef = 3EA0BC081F725D2600F78FDD /* HYProductsSpecificationCell.m */; };
		3EA0BC0C1F725D5B00F78FDD /* HYProductsImageDetailCell.m in Sources */ = {isa = PBXBuildFile; fileRef = 3EA0BC0B1F725D5B00F78FDD /* HYProductsImageDetailCell.m */; };
		3EA0BC101F73651100F78FDD /* HYGoodsDetailBottomView.m in Sources */ = {isa = PBXBuildFile; fileRef = 3EA0BC0F1F73651100F78FDD /* HYGoodsDetailBottomView.m */; };
		3EA0BC131F739EF700F78FDD /* HYGoodSpecificationSelectView.m in Sources */ = {isa = PBXBuildFile; fileRef = 3EA0BC121F739EF700F78FDD /* HYGoodSpecificationSelectView.m */; };
		3EA0BC161F73A4D900F78FDD /* HYBuyCountEditView.m in Sources */ = {isa = PBXBuildFile; fileRef = 3EA0BC151F73A4D900F78FDD /* HYBuyCountEditView.m */; };
		3EA0BC191F74DF1600F78FDD /* HYOrderConfirmViewController.m in Sources */ = {isa = PBXBuildFile; fileRef = 3EA0BC181F74DF1600F78FDD /* HYOrderConfirmViewController.m */; };
		3EA0BC1C1F74E3AD00F78FDD /* HYShareView.m in Sources */ = {isa = PBXBuildFile; fileRef = 3EA0BC1B1F74E3AD00F78FDD /* HYShareView.m */; };
		3EEDC9581F7244DC007171FA /* libc++.tbd in Frameworks */ = {isa = PBXBuildFile; fileRef = 3EEDC9571F7244DC007171FA /* libc++.tbd */; settings = {ATTRIBUTES = (Weak, ); }; };
		3EEDC95A1F724511007171FA /* libz.1.1.3.tbd in Frameworks */ = {isa = PBXBuildFile; fileRef = 3EEDC9591F724511007171FA /* libz.1.1.3.tbd */; };
		3EEDC95C1F724521007171FA /* libsqlite3.0.tbd in Frameworks */ = {isa = PBXBuildFile; fileRef = 3EEDC95B1F724521007171FA /* libsqlite3.0.tbd */; };
		D546439B3E56BFB3EA93ABFD /* libPods-DaCongMing.a in Frameworks */ = {isa = PBXBuildFile; fileRef = 6270C7E5FCB624CCCCEF7D0E /* libPods-DaCongMing.a */; };
/* End PBXBuildFile section */

/* Begin PBXFileReference section */
		36367516A039862097AF5595 /* Pods-DaCongMing.release.xcconfig */ = {isa = PBXFileReference; includeInIndex = 1; lastKnownFileType = text.xcconfig; name = "Pods-DaCongMing.release.xcconfig"; path = "Pods/Target Support Files/Pods-DaCongMing/Pods-DaCongMing.release.xcconfig"; sourceTree = "<group>"; };
		3E2754341F6F56580010053E /* HYGoodHealthModel.h */ = {isa = PBXFileReference; fileEncoding = 4; lastKnownFileType = sourcecode.c.h; path = HYGoodHealthModel.h; sourceTree = "<group>"; };
		3E2754351F6F56580010053E /* HYGoodHealthModel.m */ = {isa = PBXFileReference; fileEncoding = 4; lastKnownFileType = sourcecode.c.objc; path = HYGoodHealthModel.m; sourceTree = "<group>"; };
		3E2754371F6F56EE0010053E /* HYItemListModel.h */ = {isa = PBXFileReference; fileEncoding = 4; lastKnownFileType = sourcecode.c.h; path = HYItemListModel.h; sourceTree = "<group>"; };
		3E2754381F6F56EE0010053E /* HYItemListModel.m */ = {isa = PBXFileReference; fileEncoding = 4; lastKnownFileType = sourcecode.c.objc; path = HYItemListModel.m; sourceTree = "<group>"; };
		3E27543A1F6F61E40010053E /* HYHomeTagsCollectionViewCell.h */ = {isa = PBXFileReference; fileEncoding = 4; lastKnownFileType = sourcecode.c.h; path = HYHomeTagsCollectionViewCell.h; sourceTree = "<group>"; };
		3E27543B1F6F61E40010053E /* HYHomeTagsCollectionViewCell.m */ = {isa = PBXFileReference; fileEncoding = 4; lastKnownFileType = sourcecode.c.objc; path = HYHomeTagsCollectionViewCell.m; sourceTree = "<group>"; };
		3E27543D1F6F64630010053E /* HYTagsItemModel.h */ = {isa = PBXFileReference; fileEncoding = 4; lastKnownFileType = sourcecode.c.h; path = HYTagsItemModel.h; sourceTree = "<group>"; };
		3E27543E1F6F64630010053E /* HYTagsItemModel.m */ = {isa = PBXFileReference; fileEncoding = 4; lastKnownFileType = sourcecode.c.objc; path = HYTagsItemModel.m; sourceTree = "<group>"; };
		3E2754401F6F6CD00010053E /* HYBrands.h */ = {isa = PBXFileReference; fileEncoding = 4; lastKnownFileType = sourcecode.c.h; path = HYBrands.h; sourceTree = "<group>"; };
		3E2754411F6F6CD00010053E /* HYBrands.m */ = {isa = PBXFileReference; fileEncoding = 4; lastKnownFileType = sourcecode.c.objc; path = HYBrands.m; sourceTree = "<group>"; };
		3E2754431F6F71DE0010053E /* HYTypeRecommendCell.h */ = {isa = PBXFileReference; fileEncoding = 4; lastKnownFileType = sourcecode.c.h; path = HYTypeRecommendCell.h; sourceTree = "<group>"; };
		3E2754441F6F71DE0010053E /* HYTypeRecommendCell.m */ = {isa = PBXFileReference; fileEncoding = 4; lastKnownFileType = sourcecode.c.objc; path = HYTypeRecommendCell.m; sourceTree = "<group>"; };
		3E2754461F6F727C0010053E /* HYTypeRecommendCollectionViewCell.h */ = {isa = PBXFileReference; fileEncoding = 4; lastKnownFileType = sourcecode.c.h; path = HYTypeRecommendCollectionViewCell.h; sourceTree = "<group>"; };
		3E2754471F6F727C0010053E /* HYTypeRecommendCollectionViewCell.m */ = {isa = PBXFileReference; fileEncoding = 4; lastKnownFileType = sourcecode.c.objc; path = HYTypeRecommendCollectionViewCell.m; sourceTree = "<group>"; };
		3E2754491F6F734B0010053E /* HYTypeRecommendItemModel.h */ = {isa = PBXFileReference; fileEncoding = 4; lastKnownFileType = sourcecode.c.h; path = HYTypeRecommendItemModel.h; sourceTree = "<group>"; };
		3E27544A1F6F734B0010053E /* HYTypeRecommendItemModel.m */ = {isa = PBXFileReference; fileEncoding = 4; lastKnownFileType = sourcecode.c.objc; path = HYTypeRecommendItemModel.m; sourceTree = "<group>"; };
		3E27544C1F6F952B0010053E /* HYSortModel.h */ = {isa = PBXFileReference; fileEncoding = 4; lastKnownFileType = sourcecode.c.h; path = HYSortModel.h; sourceTree = "<group>"; };
		3E27544D1F6F952B0010053E /* HYSortModel.m */ = {isa = PBXFileReference; fileEncoding = 4; lastKnownFileType = sourcecode.c.objc; path = HYSortModel.m; sourceTree = "<group>"; };
		3E27544F1F6F96E00010053E /* HYSortTableViewCell.h */ = {isa = PBXFileReference; fileEncoding = 4; lastKnownFileType = sourcecode.c.h; path = HYSortTableViewCell.h; sourceTree = "<group>"; };
		3E2754501F6F96E00010053E /* HYSortTableViewCell.m */ = {isa = PBXFileReference; fileEncoding = 4; lastKnownFileType = sourcecode.c.objc; path = HYSortTableViewCell.m; sourceTree = "<group>"; };
		3E2754531F6F9C6B0010053E /* HYLoginViewController.h */ = {isa = PBXFileReference; fileEncoding = 4; lastKnownFileType = sourcecode.c.h; path = HYLoginViewController.h; sourceTree = "<group>"; };
		3E2754541F6F9C6B0010053E /* HYLoginViewController.m */ = {isa = PBXFileReference; fileEncoding = 4; lastKnownFileType = sourcecode.c.objc; path = HYLoginViewController.m; sourceTree = "<group>"; };
		3E2754561F6F9D520010053E /* HYLoginView.h */ = {isa = PBXFileReference; fileEncoding = 4; lastKnownFileType = sourcecode.c.h; path = HYLoginView.h; sourceTree = "<group>"; };
		3E2754571F6F9D520010053E /* HYLoginView.m */ = {isa = PBXFileReference; fileEncoding = 4; lastKnownFileType = sourcecode.c.objc; path = HYLoginView.m; sourceTree = "<group>"; };
		3E2754591F6FBF3A0010053E /* HYCompleteInfoViewController.h */ = {isa = PBXFileReference; fileEncoding = 4; lastKnownFileType = sourcecode.c.h; path = HYCompleteInfoViewController.h; sourceTree = "<group>"; };
		3E27545A1F6FBF3A0010053E /* HYCompleteInfoViewController.m */ = {isa = PBXFileReference; fileEncoding = 4; lastKnownFileType = sourcecode.c.objc; path = HYCompleteInfoViewController.m; sourceTree = "<group>"; };
		3E27545C1F6FBF850010053E /* HYCompleteView.h */ = {isa = PBXFileReference; fileEncoding = 4; lastKnownFileType = sourcecode.c.h; path = HYCompleteView.h; sourceTree = "<group>"; };
		3E27545D1F6FBF850010053E /* HYCompleteView.m */ = {isa = PBXFileReference; fileEncoding = 4; lastKnownFileType = sourcecode.c.objc; path = HYCompleteView.m; sourceTree = "<group>"; };
		3E27545F1F6FD6610010053E /* HYSetPasswordViewController.h */ = {isa = PBXFileReference; fileEncoding = 4; lastKnownFileType = sourcecode.c.h; path = HYSetPasswordViewController.h; sourceTree = "<group>"; };
		3E2754601F6FD6610010053E /* HYSetPasswordViewController.m */ = {isa = PBXFileReference; fileEncoding = 4; lastKnownFileType = sourcecode.c.objc; path = HYSetPasswordViewController.m; sourceTree = "<group>"; };
		3E2754621F70AA4A0010053E /* HYMineHeaderView.h */ = {isa = PBXFileReference; fileEncoding = 4; lastKnownFileType = sourcecode.c.h; path = HYMineHeaderView.h; sourceTree = "<group>"; };
		3E2754631F70AA4A0010053E /* HYMineHeaderView.m */ = {isa = PBXFileReference; fileEncoding = 4; lastKnownFileType = sourcecode.c.objc; path = HYMineHeaderView.m; sourceTree = "<group>"; };
		3E2754661F70B2620010053E /* HYInviteFriendsTableViewCell.h */ = {isa = PBXFileReference; fileEncoding = 4; lastKnownFileType = sourcecode.c.h; path = HYInviteFriendsTableViewCell.h; sourceTree = "<group>"; };
		3E2754671F70B2620010053E /* HYInviteFriendsTableViewCell.m */ = {isa = PBXFileReference; fileEncoding = 4; lastKnownFileType = sourcecode.c.objc; path = HYInviteFriendsTableViewCell.m; sourceTree = "<group>"; };
		3E2754691F70B2970010053E /* HYOrderTableViewCell.h */ = {isa = PBXFileReference; fileEncoding = 4; lastKnownFileType = sourcecode.c.h; path = HYOrderTableViewCell.h; sourceTree = "<group>"; };
		3E27546A1F70B2970010053E /* HYOrderTableViewCell.m */ = {isa = PBXFileReference; fileEncoding = 4; lastKnownFileType = sourcecode.c.objc; path = HYOrderTableViewCell.m; sourceTree = "<group>"; };
		3E27546C1F70B2BC0010053E /* HYMineInfoTableViewCell.h */ = {isa = PBXFileReference; fileEncoding = 4; lastKnownFileType = sourcecode.c.h; path = HYMineInfoTableViewCell.h; sourceTree = "<group>"; };
		3E27546D1F70B2BC0010053E /* HYMineInfoTableViewCell.m */ = {isa = PBXFileReference; fileEncoding = 4; lastKnownFileType = sourcecode.c.objc; path = HYMineInfoTableViewCell.m; sourceTree = "<group>"; };
		3E27546F1F70C06C0010053E /* HYButton.h */ = {isa = PBXFileReference; fileEncoding = 4; lastKnownFileType = sourcecode.c.h; path = HYButton.h; sourceTree = "<group>"; };
		3E2754701F70C06C0010053E /* HYButton.m */ = {isa = PBXFileReference; fileEncoding = 4; lastKnownFileType = sourcecode.c.objc; path = HYButton.m; sourceTree = "<group>"; };
		3E2754721F70D3600010053E /* HYUserModel.h */ = {isa = PBXFileReference; fileEncoding = 4; lastKnownFileType = sourcecode.c.h; path = HYUserModel.h; sourceTree = "<group>"; };
		3E2754731F70D3600010053E /* HYUserModel.m */ = {isa = PBXFileReference; fileEncoding = 4; lastKnownFileType = sourcecode.c.objc; path = HYUserModel.m; sourceTree = "<group>"; };
		3E2754781F70EDF10010053E /* HYUserHandle.h */ = {isa = PBXFileReference; fileEncoding = 4; lastKnownFileType = sourcecode.c.h; path = HYUserHandle.h; sourceTree = "<group>"; };
		3E2754791F70EDF10010053E /* HYUserHandle.m */ = {isa = PBXFileReference; fileEncoding = 4; lastKnownFileType = sourcecode.c.objc; path = HYUserHandle.m; sourceTree = "<group>"; };
		3E27547D1F70FBED0010053E /* HYNoGoodsTableViewCell.h */ = {isa = PBXFileReference; fileEncoding = 4; lastKnownFileType = sourcecode.c.h; path = HYNoGoodsTableViewCell.h; sourceTree = "<group>"; };
		3E27547E1F70FBED0010053E /* HYNoGoodsTableViewCell.m */ = {isa = PBXFileReference; fileEncoding = 4; lastKnownFileType = sourcecode.c.objc; path = HYNoGoodsTableViewCell.m; sourceTree = "<group>"; };
		3E2754821F7101540010053E /* HYGoodsItemCollectionViewCell.h */ = {isa = PBXFileReference; fileEncoding = 4; lastKnownFileType = sourcecode.c.h; path = HYGoodsItemCollectionViewCell.h; sourceTree = "<group>"; };
		3E2754831F7101540010053E /* HYGoodsItemCollectionViewCell.m */ = {isa = PBXFileReference; fileEncoding = 4; lastKnownFileType = sourcecode.c.objc; path = HYGoodsItemCollectionViewCell.m; sourceTree = "<group>"; };
		3E2754861F710DCF0010053E /* HYGoodsItemModel.h */ = {isa = PBXFileReference; fileEncoding = 4; lastKnownFileType = sourcecode.c.h; path = HYGoodsItemModel.h; sourceTree = "<group>"; };
		3E2754871F710DCF0010053E /* HYGoodsItemModel.m */ = {isa = PBXFileReference; fileEncoding = 4; lastKnownFileType = sourcecode.c.objc; path = HYGoodsItemModel.m; sourceTree = "<group>"; };
		3E2754891F7111800010053E /* HYRequestGoodsList.h */ = {isa = PBXFileReference; fileEncoding = 4; lastKnownFileType = sourcecode.c.h; path = HYRequestGoodsList.h; sourceTree = "<group>"; };
		3E27548A1F7111800010053E /* HYRequestGoodsList.m */ = {isa = PBXFileReference; fileEncoding = 4; lastKnownFileType = sourcecode.c.objc; path = HYRequestGoodsList.m; sourceTree = "<group>"; };
		3E27548F1F7200CD0010053E /* HYGoodsListViewController.h */ = {isa = PBXFileReference; fileEncoding = 4; lastKnownFileType = sourcecode.c.h; path = HYGoodsListViewController.h; sourceTree = "<group>"; };
		3E2754901F7200CD0010053E /* HYGoodsListViewController.m */ = {isa = PBXFileReference; fileEncoding = 4; lastKnownFileType = sourcecode.c.objc; path = HYGoodsListViewController.m; sourceTree = "<group>"; };
		3E2754991F72166E0010053E /* HYGoodsDetailInfoViewController.h */ = {isa = PBXFileReference; fileEncoding = 4; lastKnownFileType = sourcecode.c.h; path = HYGoodsDetailInfoViewController.h; sourceTree = "<group>"; };
		3E27549A1F72166E0010053E /* HYGoodsDetailInfoViewController.m */ = {isa = PBXFileReference; fileEncoding = 4; lastKnownFileType = sourcecode.c.objc; path = HYGoodsDetailInfoViewController.m; sourceTree = "<group>"; };
		3E27549C1F72185F0010053E /* HYGoodsDetailModel.h */ = {isa = PBXFileReference; fileEncoding = 4; lastKnownFileType = sourcecode.c.h; path = HYGoodsDetailModel.h; sourceTree = "<group>"; };
		3E27549D1F72185F0010053E /* HYGoodsDetailModel.m */ = {isa = PBXFileReference; fileEncoding = 4; lastKnownFileType = sourcecode.c.objc; path = HYGoodsDetailModel.m; sourceTree = "<group>"; };
		3E27549F1F721AC00010053E /* HYGoodsItemProp.h */ = {isa = PBXFileReference; fileEncoding = 4; lastKnownFileType = sourcecode.c.h; path = HYGoodsItemProp.h; sourceTree = "<group>"; };
		3E2754A01F721AC00010053E /* HYGoodsItemProp.m */ = {isa = PBXFileReference; fileEncoding = 4; lastKnownFileType = sourcecode.c.objc; path = HYGoodsItemProp.m; sourceTree = "<group>"; };
		3E2754A21F721BE60010053E /* HYGoodsItemImage.h */ = {isa = PBXFileReference; fileEncoding = 4; lastKnownFileType = sourcecode.c.h; path = HYGoodsItemImage.h; sourceTree = "<group>"; };
		3E2754A31F721BE60010053E /* HYGoodsItemImage.m */ = {isa = PBXFileReference; fileEncoding = 4; lastKnownFileType = sourcecode.c.objc; path = HYGoodsItemImage.m; sourceTree = "<group>"; };
		3E5620191F6B6A800063AA5B /* DaCongMing.app */ = {isa = PBXFileReference; explicitFileType = wrapper.application; includeInIndex = 0; path = DaCongMing.app; sourceTree = BUILT_PRODUCTS_DIR; };
		3E56201D1F6B6A800063AA5B /* main.m */ = {isa = PBXFileReference; lastKnownFileType = sourcecode.c.objc; path = main.m; sourceTree = "<group>"; };
		3E56201F1F6B6A800063AA5B /* AppDelegate.h */ = {isa = PBXFileReference; lastKnownFileType = sourcecode.c.h; name = AppDelegate.h; path = ../AppDelegate.h; sourceTree = "<group>"; };
		3E5620201F6B6A800063AA5B /* AppDelegate.m */ = {isa = PBXFileReference; lastKnownFileType = sourcecode.c.objc; name = AppDelegate.m; path = ../AppDelegate.m; sourceTree = "<group>"; };
		3E5620281F6B6A800063AA5B /* Assets.xcassets */ = {isa = PBXFileReference; lastKnownFileType = folder.assetcatalog; path = Assets.xcassets; sourceTree = "<group>"; };
		3E56202D1F6B6A800063AA5B /* Info.plist */ = {isa = PBXFileReference; lastKnownFileType = text.plist.xml; name = Info.plist; path = ../Info.plist; sourceTree = "<group>"; };
		3E5620491F6B6D440063AA5B /* HYBaseModel.h */ = {isa = PBXFileReference; fileEncoding = 4; lastKnownFileType = sourcecode.c.h; path = HYBaseModel.h; sourceTree = "<group>"; };
		3E56204A1F6B6D440063AA5B /* HYBaseModel.m */ = {isa = PBXFileReference; fileEncoding = 4; lastKnownFileType = sourcecode.c.objc; path = HYBaseModel.m; sourceTree = "<group>"; };
		3E56204C1F6B6D5C0063AA5B /* HYBaseViewController.h */ = {isa = PBXFileReference; fileEncoding = 4; lastKnownFileType = sourcecode.c.h; path = HYBaseViewController.h; sourceTree = "<group>"; };
		3E56204D1F6B6D5C0063AA5B /* HYBaseViewController.m */ = {isa = PBXFileReference; fileEncoding = 4; lastKnownFileType = sourcecode.c.objc; path = HYBaseViewController.m; sourceTree = "<group>"; };
		3E56204F1F6B6D720063AA5B /* HYBaseNavController.h */ = {isa = PBXFileReference; fileEncoding = 4; lastKnownFileType = sourcecode.c.h; path = HYBaseNavController.h; sourceTree = "<group>"; };
		3E5620501F6B6D720063AA5B /* HYBaseNavController.m */ = {isa = PBXFileReference; fileEncoding = 4; lastKnownFileType = sourcecode.c.objc; path = HYBaseNavController.m; sourceTree = "<group>"; };
		3E5620531F6B6DAC0063AA5B /* MBProgressHUD+HYExtension.h */ = {isa = PBXFileReference; fileEncoding = 4; lastKnownFileType = sourcecode.c.h; path = "MBProgressHUD+HYExtension.h"; sourceTree = "<group>"; };
		3E5620541F6B6DAC0063AA5B /* MBProgressHUD+HYExtension.m */ = {isa = PBXFileReference; fileEncoding = 4; lastKnownFileType = sourcecode.c.objc; path = "MBProgressHUD+HYExtension.m"; sourceTree = "<group>"; };
		3E5620551F6B6DAC0063AA5B /* UIColor+HexString.h */ = {isa = PBXFileReference; fileEncoding = 4; lastKnownFileType = sourcecode.c.h; path = "UIColor+HexString.h"; sourceTree = "<group>"; };
		3E5620561F6B6DAC0063AA5B /* UIColor+HexString.m */ = {isa = PBXFileReference; fileEncoding = 4; lastKnownFileType = sourcecode.c.objc; path = "UIColor+HexString.m"; sourceTree = "<group>"; };
		3E5620571F6B6DAC0063AA5B /* UIView+Toast.h */ = {isa = PBXFileReference; fileEncoding = 4; lastKnownFileType = sourcecode.c.h; path = "UIView+Toast.h"; sourceTree = "<group>"; };
		3E5620581F6B6DAC0063AA5B /* UIView+Toast.m */ = {isa = PBXFileReference; fileEncoding = 4; lastKnownFileType = sourcecode.c.objc; path = "UIView+Toast.m"; sourceTree = "<group>"; };
		3E56205A1F6B6DAC0063AA5B /* Const.h */ = {isa = PBXFileReference; fileEncoding = 4; lastKnownFileType = sourcecode.c.h; path = Const.h; sourceTree = "<group>"; };
		3E56205B1F6B6DAC0063AA5B /* Const.m */ = {isa = PBXFileReference; fileEncoding = 4; lastKnownFileType = sourcecode.c.objc; path = Const.m; sourceTree = "<group>"; };
		3E56205E1F6B6DAC0063AA5B /* Macro.h */ = {isa = PBXFileReference; fileEncoding = 4; lastKnownFileType = sourcecode.c.h; path = Macro.h; sourceTree = "<group>"; };
		3E56205F1F6B6DAC0063AA5B /* PrefixHeader.pch */ = {isa = PBXFileReference; fileEncoding = 4; lastKnownFileType = sourcecode.c.h; path = PrefixHeader.pch; sourceTree = "<group>"; };
		3E5620631F6B6DAC0063AA5B /* HTTPManager.h */ = {isa = PBXFileReference; fileEncoding = 4; lastKnownFileType = sourcecode.c.h; path = HTTPManager.h; sourceTree = "<group>"; };
		3E5620641F6B6DAC0063AA5B /* HTTPManager.m */ = {isa = PBXFileReference; fileEncoding = 4; lastKnownFileType = sourcecode.c.objc; path = HTTPManager.m; sourceTree = "<group>"; };
		3E5620661F6B6DAC0063AA5B /* DESECB.h */ = {isa = PBXFileReference; fileEncoding = 4; lastKnownFileType = sourcecode.c.h; path = DESECB.h; sourceTree = "<group>"; };
		3E5620671F6B6DAC0063AA5B /* DESECB.m */ = {isa = PBXFileReference; fileEncoding = 4; lastKnownFileType = sourcecode.c.objc; path = DESECB.m; sourceTree = "<group>"; };
		3E5620681F6B6DAC0063AA5B /* GTMBase64.h */ = {isa = PBXFileReference; fileEncoding = 4; lastKnownFileType = sourcecode.c.h; path = GTMBase64.h; sourceTree = "<group>"; };
		3E5620691F6B6DAC0063AA5B /* GTMBase64.m */ = {isa = PBXFileReference; fileEncoding = 4; lastKnownFileType = sourcecode.c.objc; path = GTMBase64.m; sourceTree = "<group>"; };
		3E56206A1F6B6DAC0063AA5B /* GTMDefines.h */ = {isa = PBXFileReference; fileEncoding = 4; lastKnownFileType = sourcecode.c.h; path = GTMDefines.h; sourceTree = "<group>"; };
		3E56206C1F6B6DAC0063AA5B /* HYImagePickerManager.h */ = {isa = PBXFileReference; fileEncoding = 4; lastKnownFileType = sourcecode.c.h; path = HYImagePickerManager.h; sourceTree = "<group>"; };
		3E56206D1F6B6DAC0063AA5B /* HYImagePickerManager.m */ = {isa = PBXFileReference; fileEncoding = 4; lastKnownFileType = sourcecode.c.objc; path = HYImagePickerManager.m; sourceTree = "<group>"; };
		3E56206E1F6B6DAC0063AA5B /* HYLocationManager.h */ = {isa = PBXFileReference; fileEncoding = 4; lastKnownFileType = sourcecode.c.h; path = HYLocationManager.h; sourceTree = "<group>"; };
		3E56206F1F6B6DAC0063AA5B /* HYLocationManager.m */ = {isa = PBXFileReference; fileEncoding = 4; lastKnownFileType = sourcecode.c.objc; path = HYLocationManager.m; sourceTree = "<group>"; };
		3E5620701F6B6DAC0063AA5B /* HYPhoneInfo.h */ = {isa = PBXFileReference; fileEncoding = 4; lastKnownFileType = sourcecode.c.h; path = HYPhoneInfo.h; sourceTree = "<group>"; };
		3E5620711F6B6DAC0063AA5B /* HYPhoneInfo.m */ = {isa = PBXFileReference; fileEncoding = 4; lastKnownFileType = sourcecode.c.objc; path = HYPhoneInfo.m; sourceTree = "<group>"; };
		3E5620721F6B6DAC0063AA5B /* HYPhotoBrowseView.h */ = {isa = PBXFileReference; fileEncoding = 4; lastKnownFileType = sourcecode.c.h; path = HYPhotoBrowseView.h; sourceTree = "<group>"; };
		3E5620731F6B6DAC0063AA5B /* HYPhotoBrowseView.m */ = {isa = PBXFileReference; fileEncoding = 4; lastKnownFileType = sourcecode.c.objc; path = HYPhotoBrowseView.m; sourceTree = "<group>"; };
		3E5620741F6B6DAC0063AA5B /* JRToast.h */ = {isa = PBXFileReference; fileEncoding = 4; lastKnownFileType = sourcecode.c.h; path = JRToast.h; sourceTree = "<group>"; };
		3E5620751F6B6DAC0063AA5B /* JRToast.m */ = {isa = PBXFileReference; fileEncoding = 4; lastKnownFileType = sourcecode.c.objc; path = JRToast.m; sourceTree = "<group>"; };
		3E5620761F6B6DAC0063AA5B /* TitleRoll.h */ = {isa = PBXFileReference; fileEncoding = 4; lastKnownFileType = sourcecode.c.h; path = TitleRoll.h; sourceTree = "<group>"; };
		3E5620771F6B6DAC0063AA5B /* TitleRoll.m */ = {isa = PBXFileReference; fileEncoding = 4; lastKnownFileType = sourcecode.c.objc; path = TitleRoll.m; sourceTree = "<group>"; };
		3E5620891F6B72750063AA5B /* HYTabBarController.h */ = {isa = PBXFileReference; fileEncoding = 4; lastKnownFileType = sourcecode.c.h; path = HYTabBarController.h; sourceTree = "<group>"; };
		3E56208A1F6B72750063AA5B /* HYTabBarController.m */ = {isa = PBXFileReference; fileEncoding = 4; lastKnownFileType = sourcecode.c.objc; path = HYTabBarController.m; sourceTree = "<group>"; };
		3E56208C1F6B728E0063AA5B /* HYHomePageViewController.h */ = {isa = PBXFileReference; fileEncoding = 4; lastKnownFileType = sourcecode.c.h; path = HYHomePageViewController.h; sourceTree = "<group>"; };
		3E56208D1F6B728E0063AA5B /* HYHomePageViewController.m */ = {isa = PBXFileReference; fileEncoding = 4; lastKnownFileType = sourcecode.c.objc; path = HYHomePageViewController.m; sourceTree = "<group>"; };
		3E56208F1F6B72D90063AA5B /* HYSortViewController.h */ = {isa = PBXFileReference; fileEncoding = 4; lastKnownFileType = sourcecode.c.h; path = HYSortViewController.h; sourceTree = "<group>"; };
		3E5620901F6B72D90063AA5B /* HYSortViewController.m */ = {isa = PBXFileReference; fileEncoding = 4; lastKnownFileType = sourcecode.c.objc; path = HYSortViewController.m; sourceTree = "<group>"; };
		3E5620921F6B72E90063AA5B /* HYShoppingCartViewController.h */ = {isa = PBXFileReference; fileEncoding = 4; lastKnownFileType = sourcecode.c.h; path = HYShoppingCartViewController.h; sourceTree = "<group>"; };
		3E5620931F6B72E90063AA5B /* HYShoppingCartViewController.m */ = {isa = PBXFileReference; fileEncoding = 4; lastKnownFileType = sourcecode.c.objc; path = HYShoppingCartViewController.m; sourceTree = "<group>"; };
		3E5620951F6B72F30063AA5B /* HYMineViewController.h */ = {isa = PBXFileReference; fileEncoding = 4; lastKnownFileType = sourcecode.c.h; path = HYMineViewController.h; sourceTree = "<group>"; };
		3E5620961F6B72F30063AA5B /* HYMineViewController.m */ = {isa = PBXFileReference; fileEncoding = 4; lastKnownFileType = sourcecode.c.objc; path = HYMineViewController.m; sourceTree = "<group>"; };
		3E5620981F6B7BB10063AA5B /* HYNavTitleView.h */ = {isa = PBXFileReference; fileEncoding = 4; lastKnownFileType = sourcecode.c.h; path = HYNavTitleView.h; sourceTree = "<group>"; };
		3E5620991F6B7BB10063AA5B /* HYNavTitleView.m */ = {isa = PBXFileReference; fileEncoding = 4; lastKnownFileType = sourcecode.c.objc; path = HYNavTitleView.m; sourceTree = "<group>"; };
		3E56209B1F6B914B0063AA5B /* WebApi.h */ = {isa = PBXFileReference; lastKnownFileType = sourcecode.c.h; path = WebApi.h; sourceTree = "<group>"; };
		3E56209C1F6B9EEF0063AA5B /* HYHomePageModel.h */ = {isa = PBXFileReference; fileEncoding = 4; lastKnownFileType = sourcecode.c.h; path = HYHomePageModel.h; sourceTree = "<group>"; };
		3E56209D1F6B9EEF0063AA5B /* HYHomePageModel.m */ = {isa = PBXFileReference; fileEncoding = 4; lastKnownFileType = sourcecode.c.objc; path = HYHomePageModel.m; sourceTree = "<group>"; };
		3E56209F1F6BA0D60063AA5B /* HYHomePageView.h */ = {isa = PBXFileReference; fileEncoding = 4; lastKnownFileType = sourcecode.c.h; path = HYHomePageView.h; sourceTree = "<group>"; };
		3E5620A01F6BA0D60063AA5B /* HYHomePageView.m */ = {isa = PBXFileReference; fileEncoding = 4; lastKnownFileType = sourcecode.c.objc; path = HYHomePageView.m; sourceTree = "<group>"; };
		3E5620A21F6BA16D0063AA5B /* HYHomeViewModel.h */ = {isa = PBXFileReference; fileEncoding = 4; lastKnownFileType = sourcecode.c.h; path = HYHomeViewModel.h; sourceTree = "<group>"; };
		3E5620A31F6BA16D0063AA5B /* HYHomeViewModel.m */ = {isa = PBXFileReference; fileEncoding = 4; lastKnownFileType = sourcecode.c.objc; path = HYHomeViewModel.m; sourceTree = "<group>"; };
		3E5620A61F6BBD550063AA5B /* HYHomeImgCell.h */ = {isa = PBXFileReference; fileEncoding = 4; lastKnownFileType = sourcecode.c.h; path = HYHomeImgCell.h; sourceTree = "<group>"; };
		3E5620A71F6BBD550063AA5B /* HYHomeImgCell.m */ = {isa = PBXFileReference; fileEncoding = 4; lastKnownFileType = sourcecode.c.objc; path = HYHomeImgCell.m; sourceTree = "<group>"; };
		3E5620AF1F6BBDBF0063AA5B /* HYHomeTitleScrollCell.h */ = {isa = PBXFileReference; fileEncoding = 4; lastKnownFileType = sourcecode.c.h; path = HYHomeTitleScrollCell.h; sourceTree = "<group>"; };
		3E5620B01F6BBDC00063AA5B /* HYHomeTitleScrollCell.m */ = {isa = PBXFileReference; fileEncoding = 4; lastKnownFileType = sourcecode.c.objc; path = HYHomeTitleScrollCell.m; sourceTree = "<group>"; };
		3E5620B21F6BBDD00063AA5B /* HYHomeImgScrollCell.h */ = {isa = PBXFileReference; fileEncoding = 4; lastKnownFileType = sourcecode.c.h; path = HYHomeImgScrollCell.h; sourceTree = "<group>"; };
		3E5620B31F6BBDD00063AA5B /* HYHomeImgScrollCell.m */ = {isa = PBXFileReference; fileEncoding = 4; lastKnownFileType = sourcecode.c.objc; path = HYHomeImgScrollCell.m; sourceTree = "<group>"; };
		3E5620B51F6BBDE40063AA5B /* HYHomeCollectionCell.h */ = {isa = PBXFileReference; fileEncoding = 4; lastKnownFileType = sourcecode.c.h; path = HYHomeCollectionCell.h; sourceTree = "<group>"; };
		3E5620B61F6BBDE40063AA5B /* HYHomeCollectionCell.m */ = {isa = PBXFileReference; fileEncoding = 4; lastKnownFileType = sourcecode.c.objc; path = HYHomeCollectionCell.m; sourceTree = "<group>"; };
		3E5620B81F6BBDFE0063AA5B /* HYHomeBannerCell.h */ = {isa = PBXFileReference; fileEncoding = 4; lastKnownFileType = sourcecode.c.h; path = HYHomeBannerCell.h; sourceTree = "<group>"; };
		3E5620B91F6BBDFE0063AA5B /* HYHomeBannerCell.m */ = {isa = PBXFileReference; fileEncoding = 4; lastKnownFileType = sourcecode.c.objc; path = HYHomeBannerCell.m; sourceTree = "<group>"; };
		3E5620BB1F6BBE550063AA5B /* HYHomeDoodsCell.h */ = {isa = PBXFileReference; fileEncoding = 4; lastKnownFileType = sourcecode.c.h; path = HYHomeDoodsCell.h; sourceTree = "<group>"; };
		3E5620BC1F6BBE550063AA5B /* HYHomeDoodsCell.m */ = {isa = PBXFileReference; fileEncoding = 4; lastKnownFileType = sourcecode.c.objc; path = HYHomeDoodsCell.m; sourceTree = "<group>"; };
		3E934DDA1F6BD4CE00F3ADE4 /* HYHomeCollectionViewCell.h */ = {isa = PBXFileReference; fileEncoding = 4; lastKnownFileType = sourcecode.c.h; path = HYHomeCollectionViewCell.h; sourceTree = "<group>"; };
		3E934DDB1F6BD4CE00F3ADE4 /* HYHomeCollectionViewCell.m */ = {isa = PBXFileReference; fileEncoding = 4; lastKnownFileType = sourcecode.c.objc; path = HYHomeCollectionViewCell.m; sourceTree = "<group>"; };
		3E934DDD1F6BD78100F3ADE4 /* HYReCommendTday.h */ = {isa = PBXFileReference; fileEncoding = 4; lastKnownFileType = sourcecode.c.h; path = HYReCommendTday.h; sourceTree = "<group>"; };
		3E934DDE1F6BD78100F3ADE4 /* HYReCommendTday.m */ = {isa = PBXFileReference; fileEncoding = 4; lastKnownFileType = sourcecode.c.objc; path = HYReCommendTday.m; sourceTree = "<group>"; };
		3EA0BC001F725CA100F78FDD /* HYProductsImageCell.h */ = {isa = PBXFileReference; lastKnownFileType = sourcecode.c.h; path = HYProductsImageCell.h; sourceTree = "<group>"; };
		3EA0BC011F725CA100F78FDD /* HYProductsImageCell.m */ = {isa = PBXFileReference; lastKnownFileType = sourcecode.c.objc; path = HYProductsImageCell.m; sourceTree = "<group>"; };
		3EA0BC041F725CDB00F78FDD /* HYProductsInfoTableViewCell.h */ = {isa = PBXFileReference; lastKnownFileType = sourcecode.c.h; path = HYProductsInfoTableViewCell.h; sourceTree = "<group>"; };
		3EA0BC051F725CDB00F78FDD /* HYProductsInfoTableViewCell.m */ = {isa = PBXFileReference; lastKnownFileType = sourcecode.c.objc; path = HYProductsInfoTableViewCell.m; sourceTree = "<group>"; };
		3EA0BC071F725D2600F78FDD /* HYProductsSpecificationCell.h */ = {isa = PBXFileReference; lastKnownFileType = sourcecode.c.h; path = HYProductsSpecificationCell.h; sourceTree = "<group>"; };
		3EA0BC081F725D2600F78FDD /* HYProductsSpecificationCell.m */ = {isa = PBXFileReference; lastKnownFileType = sourcecode.c.objc; path = HYProductsSpecificationCell.m; sourceTree = "<group>"; };
		3EA0BC0A1F725D5B00F78FDD /* HYProductsImageDetailCell.h */ = {isa = PBXFileReference; lastKnownFileType = sourcecode.c.h; path = HYProductsImageDetailCell.h; sourceTree = "<group>"; };
		3EA0BC0B1F725D5B00F78FDD /* HYProductsImageDetailCell.m */ = {isa = PBXFileReference; lastKnownFileType = sourcecode.c.objc; path = HYProductsImageDetailCell.m; sourceTree = "<group>"; };
		3EA0BC0E1F73651100F78FDD /* HYGoodsDetailBottomView.h */ = {isa = PBXFileReference; lastKnownFileType = sourcecode.c.h; path = HYGoodsDetailBottomView.h; sourceTree = "<group>"; };
		3EA0BC0F1F73651100F78FDD /* HYGoodsDetailBottomView.m */ = {isa = PBXFileReference; lastKnownFileType = sourcecode.c.objc; path = HYGoodsDetailBottomView.m; sourceTree = "<group>"; };
		3EA0BC111F739EF700F78FDD /* HYGoodSpecificationSelectView.h */ = {isa = PBXFileReference; lastKnownFileType = sourcecode.c.h; path = HYGoodSpecificationSelectView.h; sourceTree = "<group>"; };
		3EA0BC121F739EF700F78FDD /* HYGoodSpecificationSelectView.m */ = {isa = PBXFileReference; lastKnownFileType = sourcecode.c.objc; path = HYGoodSpecificationSelectView.m; sourceTree = "<group>"; };
		3EA0BC141F73A4D900F78FDD /* HYBuyCountEditView.h */ = {isa = PBXFileReference; lastKnownFileType = sourcecode.c.h; path = HYBuyCountEditView.h; sourceTree = "<group>"; };
		3EA0BC151F73A4D900F78FDD /* HYBuyCountEditView.m */ = {isa = PBXFileReference; lastKnownFileType = sourcecode.c.objc; path = HYBuyCountEditView.m; sourceTree = "<group>"; };
		3EA0BC171F74DF1600F78FDD /* HYOrderConfirmViewController.h */ = {isa = PBXFileReference; lastKnownFileType = sourcecode.c.h; path = HYOrderConfirmViewController.h; sourceTree = "<group>"; };
		3EA0BC181F74DF1600F78FDD /* HYOrderConfirmViewController.m */ = {isa = PBXFileReference; lastKnownFileType = sourcecode.c.objc; path = HYOrderConfirmViewController.m; sourceTree = "<group>"; };
		3EA0BC1A1F74E3AD00F78FDD /* HYShareView.h */ = {isa = PBXFileReference; lastKnownFileType = sourcecode.c.h; path = HYShareView.h; sourceTree = "<group>"; };
		3EA0BC1B1F74E3AD00F78FDD /* HYShareView.m */ = {isa = PBXFileReference; lastKnownFileType = sourcecode.c.objc; path = HYShareView.m; sourceTree = "<group>"; };
		3EEDC9571F7244DC007171FA /* libc++.tbd */ = {isa = PBXFileReference; lastKnownFileType = "sourcecode.text-based-dylib-definition"; name = "libc++.tbd"; path = "usr/lib/libc++.tbd"; sourceTree = SDKROOT; };
		3EEDC9591F724511007171FA /* libz.1.1.3.tbd */ = {isa = PBXFileReference; lastKnownFileType = "sourcecode.text-based-dylib-definition"; name = libz.1.1.3.tbd; path = usr/lib/libz.1.1.3.tbd; sourceTree = SDKROOT; };
		3EEDC95B1F724521007171FA /* libsqlite3.0.tbd */ = {isa = PBXFileReference; lastKnownFileType = "sourcecode.text-based-dylib-definition"; name = libsqlite3.0.tbd; path = usr/lib/libsqlite3.0.tbd; sourceTree = SDKROOT; };
		45E8DFB54BDE032589E2D1AD /* Pods-DaCongMing.debug.xcconfig */ = {isa = PBXFileReference; includeInIndex = 1; lastKnownFileType = text.xcconfig; name = "Pods-DaCongMing.debug.xcconfig"; path = "Pods/Target Support Files/Pods-DaCongMing/Pods-DaCongMing.debug.xcconfig"; sourceTree = "<group>"; };
		6270C7E5FCB624CCCCEF7D0E /* libPods-DaCongMing.a */ = {isa = PBXFileReference; explicitFileType = archive.ar; includeInIndex = 0; path = "libPods-DaCongMing.a"; sourceTree = BUILT_PRODUCTS_DIR; };
/* End PBXFileReference section */

/* Begin PBXFrameworksBuildPhase section */
		3E5620161F6B6A800063AA5B /* Frameworks */ = {
			isa = PBXFrameworksBuildPhase;
			buildActionMask = 2147483647;
			files = (
				3EEDC95C1F724521007171FA /* libsqlite3.0.tbd in Frameworks */,
				3EEDC95A1F724511007171FA /* libz.1.1.3.tbd in Frameworks */,
				3EEDC9581F7244DC007171FA /* libc++.tbd in Frameworks */,
				D546439B3E56BFB3EA93ABFD /* libPods-DaCongMing.a in Frameworks */,
			);
			runOnlyForDeploymentPostprocessing = 0;
		};
/* End PBXFrameworksBuildPhase section */

/* Begin PBXGroup section */
		3E2754521F6F9BB40010053E /* LoginRegister */ = {
			isa = PBXGroup;
			children = (
				3E2754531F6F9C6B0010053E /* HYLoginViewController.h */,
				3E2754541F6F9C6B0010053E /* HYLoginViewController.m */,
				3E2754561F6F9D520010053E /* HYLoginView.h */,
				3E2754571F6F9D520010053E /* HYLoginView.m */,
				3E2754591F6FBF3A0010053E /* HYCompleteInfoViewController.h */,
				3E27545A1F6FBF3A0010053E /* HYCompleteInfoViewController.m */,
				3E27545C1F6FBF850010053E /* HYCompleteView.h */,
				3E27545D1F6FBF850010053E /* HYCompleteView.m */,
				3E27545F1F6FD6610010053E /* HYSetPasswordViewController.h */,
				3E2754601F6FD6610010053E /* HYSetPasswordViewController.m */,
			);
			path = LoginRegister;
			sourceTree = "<group>";
		};
		3E2754651F70B23C0010053E /* Cell */ = {
			isa = PBXGroup;
			children = (
				3E2754661F70B2620010053E /* HYInviteFriendsTableViewCell.h */,
				3E2754671F70B2620010053E /* HYInviteFriendsTableViewCell.m */,
				3E2754691F70B2970010053E /* HYOrderTableViewCell.h */,
				3E27546A1F70B2970010053E /* HYOrderTableViewCell.m */,
				3E27546C1F70B2BC0010053E /* HYMineInfoTableViewCell.h */,
				3E27546D1F70B2BC0010053E /* HYMineInfoTableViewCell.m */,
			);
			path = Cell;
			sourceTree = "<group>";
		};
		3E27547C1F70FBC60010053E /* Cell */ = {
			isa = PBXGroup;
			children = (
				3E27547D1F70FBED0010053E /* HYNoGoodsTableViewCell.h */,
				3E27547E1F70FBED0010053E /* HYNoGoodsTableViewCell.m */,
			);
			path = Cell;
			sourceTree = "<group>";
		};
		3E2754801F7100F60010053E /* Common */ = {
			isa = PBXGroup;
			children = (
				3EA0BC0D1F7364EE00F78FDD /* View */,
				3E2754981F7216590010053E /* VC */,
				3E2754851F710DBA0010053E /* Model */,
				3E2754811F7101140010053E /* Cell */,
			);
			name = Common;
			path = Mine/Common;
			sourceTree = "<group>";
		};
		3E2754811F7101140010053E /* Cell */ = {
			isa = PBXGroup;
			children = (
				3EA0BC031F725CC700F78FDD /* Products */,
				3E2754821F7101540010053E /* HYGoodsItemCollectionViewCell.h */,
				3E2754831F7101540010053E /* HYGoodsItemCollectionViewCell.m */,
			);
			path = Cell;
			sourceTree = "<group>";
		};
		3E2754851F710DBA0010053E /* Model */ = {
			isa = PBXGroup;
			children = (
				3E2754861F710DCF0010053E /* HYGoodsItemModel.h */,
				3E2754871F710DCF0010053E /* HYGoodsItemModel.m */,
				3E27549C1F72185F0010053E /* HYGoodsDetailModel.h */,
				3E27549D1F72185F0010053E /* HYGoodsDetailModel.m */,
				3E27549F1F721AC00010053E /* HYGoodsItemProp.h */,
				3E2754A01F721AC00010053E /* HYGoodsItemProp.m */,
				3E2754A21F721BE60010053E /* HYGoodsItemImage.h */,
				3E2754A31F721BE60010053E /* HYGoodsItemImage.m */,
				3E2754891F7111800010053E /* HYRequestGoodsList.h */,
				3E27548A1F7111800010053E /* HYRequestGoodsList.m */,
			);
			path = Model;
			sourceTree = "<group>";
		};
		3E2754981F7216590010053E /* VC */ = {
			isa = PBXGroup;
			children = (
				3E2754991F72166E0010053E /* HYGoodsDetailInfoViewController.h */,
				3E27549A1F72166E0010053E /* HYGoodsDetailInfoViewController.m */,
				3EA0BC171F74DF1600F78FDD /* HYOrderConfirmViewController.h */,
				3EA0BC181F74DF1600F78FDD /* HYOrderConfirmViewController.m */,
			);
			path = VC;
			sourceTree = "<group>";
		};
		3E5620101F6B6A800063AA5B = {
			isa = PBXGroup;
			children = (
				3E56201B1F6B6A800063AA5B /* DaCongMing */,
				3E56201A1F6B6A800063AA5B /* Products */,
				67F8F436E989411A9535A2B7 /* Pods */,
				A26883657B03753D71FBDDF9 /* Frameworks */,
			);
			sourceTree = "<group>";
		};
		3E56201A1F6B6A800063AA5B /* Products */ = {
			isa = PBXGroup;
			children = (
				3E5620191F6B6A800063AA5B /* DaCongMing.app */,
			);
			name = Products;
			sourceTree = "<group>";
		};
		3E56201B1F6B6A800063AA5B /* DaCongMing */ = {
			isa = PBXGroup;
			children = (
				3E5620341F6B6D080063AA5B /* DCM */,
				3E5620331F6B6B000063AA5B /* APPDelegate */,
				3E5620281F6B6A800063AA5B /* Assets.xcassets */,
				3E56201C1F6B6A800063AA5B /* Supporting Files */,
			);
			path = DaCongMing;
			sourceTree = "<group>";
		};
		3E56201C1F6B6A800063AA5B /* Supporting Files */ = {
			isa = PBXGroup;
			children = (
				3E56201D1F6B6A800063AA5B /* main.m */,
			);
			name = "Supporting Files";
			sourceTree = "<group>";
		};
		3E5620331F6B6B000063AA5B /* APPDelegate */ = {
			isa = PBXGroup;
			children = (
				3E56201F1F6B6A800063AA5B /* AppDelegate.h */,
				3E5620201F6B6A800063AA5B /* AppDelegate.m */,
				3E56202D1F6B6A800063AA5B /* Info.plist */,
			);
			path = APPDelegate;
			sourceTree = "<group>";
		};
		3E5620341F6B6D080063AA5B /* DCM */ = {
			isa = PBXGroup;
			children = (
				3E5620351F6B6D080063AA5B /* Base */,
				3E5620371F6B6D080063AA5B /* Module */,
				3E5620361F6B6D080063AA5B /* Expand */,
				3E5620481F6B6D080063AA5B /* Vender */,
			);
			path = DCM;
			sourceTree = "<group>";
		};
		3E5620351F6B6D080063AA5B /* Base */ = {
			isa = PBXGroup;
			children = (
				3E5620491F6B6D440063AA5B /* HYBaseModel.h */,
				3E56204A1F6B6D440063AA5B /* HYBaseModel.m */,
				3E56204C1F6B6D5C0063AA5B /* HYBaseViewController.h */,
				3E56204D1F6B6D5C0063AA5B /* HYBaseViewController.m */,
				3E56204F1F6B6D720063AA5B /* HYBaseNavController.h */,
				3E5620501F6B6D720063AA5B /* HYBaseNavController.m */,
			);
			path = Base;
			sourceTree = "<group>";
		};
		3E5620361F6B6D080063AA5B /* Expand */ = {
			isa = PBXGroup;
			children = (
				3E5620521F6B6DAC0063AA5B /* Category */,
				3E5620591F6B6DAC0063AA5B /* Macro */,
				3E5620621F6B6DAC0063AA5B /* Network */,
				3E5620651F6B6DAC0063AA5B /* Security */,
				3E56206B1F6B6DAC0063AA5B /* Tool */,
			);
			path = Expand;
			sourceTree = "<group>";
		};
		3E5620371F6B6D080063AA5B /* Module */ = {
			isa = PBXGroup;
			children = (
				3E5620881F6B72330063AA5B /* TabBar */,
				3E5620871F6B72160063AA5B /* Launch */,
				3E5620381F6B6D080063AA5B /* HomePage */,
				3E5620441F6B6D080063AA5B /* Sort */,
				3E5620401F6B6D080063AA5B /* shoppingCart */,
				3E56203C1F6B6D080063AA5B /* Mine */,
				3E2754801F7100F60010053E /* Common */,
			);
			path = Module;
			sourceTree = "<group>";
		};
		3E5620381F6B6D080063AA5B /* HomePage */ = {
			isa = PBXGroup;
			children = (
				3E5620391F6B6D080063AA5B /* Controller */,
				3E56203A1F6B6D080063AA5B /* Model */,
				3E56203B1F6B6D080063AA5B /* View */,
			);
			path = HomePage;
			sourceTree = "<group>";
		};
		3E5620391F6B6D080063AA5B /* Controller */ = {
			isa = PBXGroup;
			children = (
				3E56208C1F6B728E0063AA5B /* HYHomePageViewController.h */,
				3E56208D1F6B728E0063AA5B /* HYHomePageViewController.m */,
			);
			path = Controller;
			sourceTree = "<group>";
		};
		3E56203A1F6B6D080063AA5B /* Model */ = {
			isa = PBXGroup;
			children = (
				3E56209C1F6B9EEF0063AA5B /* HYHomePageModel.h */,
				3E56209D1F6B9EEF0063AA5B /* HYHomePageModel.m */,
				3E934DDD1F6BD78100F3ADE4 /* HYReCommendTday.h */,
				3E934DDE1F6BD78100F3ADE4 /* HYReCommendTday.m */,
				3E2754341F6F56580010053E /* HYGoodHealthModel.h */,
				3E2754351F6F56580010053E /* HYGoodHealthModel.m */,
				3E2754371F6F56EE0010053E /* HYItemListModel.h */,
				3E2754381F6F56EE0010053E /* HYItemListModel.m */,
				3E27543D1F6F64630010053E /* HYTagsItemModel.h */,
				3E27543E1F6F64630010053E /* HYTagsItemModel.m */,
				3E2754401F6F6CD00010053E /* HYBrands.h */,
				3E2754411F6F6CD00010053E /* HYBrands.m */,
				3E2754491F6F734B0010053E /* HYTypeRecommendItemModel.h */,
				3E27544A1F6F734B0010053E /* HYTypeRecommendItemModel.m */,
				3E5620A21F6BA16D0063AA5B /* HYHomeViewModel.h */,
				3E5620A31F6BA16D0063AA5B /* HYHomeViewModel.m */,
			);
			path = Model;
			sourceTree = "<group>";
		};
		3E56203B1F6B6D080063AA5B /* View */ = {
			isa = PBXGroup;
			children = (
				3E5620A51F6BBC9C0063AA5B /* Cell */,
				3E5620981F6B7BB10063AA5B /* HYNavTitleView.h */,
				3E5620991F6B7BB10063AA5B /* HYNavTitleView.m */,
				3E56209F1F6BA0D60063AA5B /* HYHomePageView.h */,
				3E5620A01F6BA0D60063AA5B /* HYHomePageView.m */,
			);
			path = View;
			sourceTree = "<group>";
		};
		3E56203C1F6B6D080063AA5B /* Mine */ = {
			isa = PBXGroup;
			children = (
				3E2754521F6F9BB40010053E /* LoginRegister */,
				3E56203D1F6B6D080063AA5B /* Controller */,
				3E56203E1F6B6D080063AA5B /* Model */,
				3E56203F1F6B6D080063AA5B /* View */,
			);
			path = Mine;
			sourceTree = "<group>";
		};
		3E56203D1F6B6D080063AA5B /* Controller */ = {
			isa = PBXGroup;
			children = (
				3E5620951F6B72F30063AA5B /* HYMineViewController.h */,
				3E5620961F6B72F30063AA5B /* HYMineViewController.m */,
			);
			path = Controller;
			sourceTree = "<group>";
		};
		3E56203E1F6B6D080063AA5B /* Model */ = {
			isa = PBXGroup;
			children = (
				3E2754721F70D3600010053E /* HYUserModel.h */,
				3E2754731F70D3600010053E /* HYUserModel.m */,
				3E2754781F70EDF10010053E /* HYUserHandle.h */,
				3E2754791F70EDF10010053E /* HYUserHandle.m */,
			);
			path = Model;
			sourceTree = "<group>";
		};
		3E56203F1F6B6D080063AA5B /* View */ = {
			isa = PBXGroup;
			children = (
				3E2754651F70B23C0010053E /* Cell */,
				3E2754621F70AA4A0010053E /* HYMineHeaderView.h */,
				3E2754631F70AA4A0010053E /* HYMineHeaderView.m */,
			);
			path = View;
			sourceTree = "<group>";
		};
		3E5620401F6B6D080063AA5B /* shoppingCart */ = {
			isa = PBXGroup;
			children = (
				3E5620411F6B6D080063AA5B /* Controller */,
				3E5620421F6B6D080063AA5B /* Model */,
				3E5620431F6B6D080063AA5B /* View */,
			);
			path = shoppingCart;
			sourceTree = "<group>";
		};
		3E5620411F6B6D080063AA5B /* Controller */ = {
			isa = PBXGroup;
			children = (
				3E5620921F6B72E90063AA5B /* HYShoppingCartViewController.h */,
				3E5620931F6B72E90063AA5B /* HYShoppingCartViewController.m */,
			);
			path = Controller;
			sourceTree = "<group>";
		};
		3E5620421F6B6D080063AA5B /* Model */ = {
			isa = PBXGroup;
			children = (
			);
			path = Model;
			sourceTree = "<group>";
		};
		3E5620431F6B6D080063AA5B /* View */ = {
			isa = PBXGroup;
			children = (
				3E27547C1F70FBC60010053E /* Cell */,
			);
			path = View;
			sourceTree = "<group>";
		};
		3E5620441F6B6D080063AA5B /* Sort */ = {
			isa = PBXGroup;
			children = (
				3E5620451F6B6D080063AA5B /* Controller */,
				3E5620461F6B6D080063AA5B /* Model */,
				3E5620471F6B6D080063AA5B /* View */,
			);
			path = Sort;
			sourceTree = "<group>";
		};
		3E5620451F6B6D080063AA5B /* Controller */ = {
			isa = PBXGroup;
			children = (
				3E56208F1F6B72D90063AA5B /* HYSortViewController.h */,
				3E5620901F6B72D90063AA5B /* HYSortViewController.m */,
				3E27548F1F7200CD0010053E /* HYGoodsListViewController.h */,
				3E2754901F7200CD0010053E /* HYGoodsListViewController.m */,
			);
			path = Controller;
			sourceTree = "<group>";
		};
		3E5620461F6B6D080063AA5B /* Model */ = {
			isa = PBXGroup;
			children = (
				3E27544C1F6F952B0010053E /* HYSortModel.h */,
				3E27544D1F6F952B0010053E /* HYSortModel.m */,
			);
			path = Model;
			sourceTree = "<group>";
		};
		3E5620471F6B6D080063AA5B /* View */ = {
			isa = PBXGroup;
			children = (
				3E27544F1F6F96E00010053E /* HYSortTableViewCell.h */,
				3E2754501F6F96E00010053E /* HYSortTableViewCell.m */,
			);
			path = View;
			sourceTree = "<group>";
		};
		3E5620481F6B6D080063AA5B /* Vender */ = {
			isa = PBXGroup;
			children = (
			);
			path = Vender;
			sourceTree = "<group>";
		};
		3E5620521F6B6DAC0063AA5B /* Category */ = {
			isa = PBXGroup;
			children = (
				3E5620531F6B6DAC0063AA5B /* MBProgressHUD+HYExtension.h */,
				3E5620541F6B6DAC0063AA5B /* MBProgressHUD+HYExtension.m */,
				3E5620551F6B6DAC0063AA5B /* UIColor+HexString.h */,
				3E5620561F6B6DAC0063AA5B /* UIColor+HexString.m */,
				3E5620571F6B6DAC0063AA5B /* UIView+Toast.h */,
				3E5620581F6B6DAC0063AA5B /* UIView+Toast.m */,
			);
			path = Category;
			sourceTree = "<group>";
		};
		3E5620591F6B6DAC0063AA5B /* Macro */ = {
			isa = PBXGroup;
			children = (
				3E56205A1F6B6DAC0063AA5B /* Const.h */,
				3E56205B1F6B6DAC0063AA5B /* Const.m */,
				3E56205E1F6B6DAC0063AA5B /* Macro.h */,
				3E56205F1F6B6DAC0063AA5B /* PrefixHeader.pch */,
				3E56209B1F6B914B0063AA5B /* WebApi.h */,
			);
			path = Macro;
			sourceTree = "<group>";
		};
		3E5620621F6B6DAC0063AA5B /* Network */ = {
			isa = PBXGroup;
			children = (
				3E5620631F6B6DAC0063AA5B /* HTTPManager.h */,
				3E5620641F6B6DAC0063AA5B /* HTTPManager.m */,
			);
			path = Network;
			sourceTree = "<group>";
		};
		3E5620651F6B6DAC0063AA5B /* Security */ = {
			isa = PBXGroup;
			children = (
				3E5620661F6B6DAC0063AA5B /* DESECB.h */,
				3E5620671F6B6DAC0063AA5B /* DESECB.m */,
				3E5620681F6B6DAC0063AA5B /* GTMBase64.h */,
				3E5620691F6B6DAC0063AA5B /* GTMBase64.m */,
				3E56206A1F6B6DAC0063AA5B /* GTMDefines.h */,
			);
			path = Security;
			sourceTree = "<group>";
		};
		3E56206B1F6B6DAC0063AA5B /* Tool */ = {
			isa = PBXGroup;
			children = (
				3E56206C1F6B6DAC0063AA5B /* HYImagePickerManager.h */,
				3E56206D1F6B6DAC0063AA5B /* HYImagePickerManager.m */,
				3E56206E1F6B6DAC0063AA5B /* HYLocationManager.h */,
				3E56206F1F6B6DAC0063AA5B /* HYLocationManager.m */,
				3E5620701F6B6DAC0063AA5B /* HYPhoneInfo.h */,
				3E5620711F6B6DAC0063AA5B /* HYPhoneInfo.m */,
				3E5620721F6B6DAC0063AA5B /* HYPhotoBrowseView.h */,
				3E5620731F6B6DAC0063AA5B /* HYPhotoBrowseView.m */,
				3E5620741F6B6DAC0063AA5B /* JRToast.h */,
				3E5620751F6B6DAC0063AA5B /* JRToast.m */,
				3E5620761F6B6DAC0063AA5B /* TitleRoll.h */,
				3E5620771F6B6DAC0063AA5B /* TitleRoll.m */,
				3E27546F1F70C06C0010053E /* HYButton.h */,
				3E2754701F70C06C0010053E /* HYButton.m */,
			);
			path = Tool;
			sourceTree = "<group>";
		};
		3E5620871F6B72160063AA5B /* Launch */ = {
			isa = PBXGroup;
			children = (
			);
			path = Launch;
			sourceTree = "<group>";
		};
		3E5620881F6B72330063AA5B /* TabBar */ = {
			isa = PBXGroup;
			children = (
				3E5620891F6B72750063AA5B /* HYTabBarController.h */,
				3E56208A1F6B72750063AA5B /* HYTabBarController.m */,
			);
			path = TabBar;
			sourceTree = "<group>";
		};
		3E5620A51F6BBC9C0063AA5B /* Cell */ = {
			isa = PBXGroup;
			children = (
				3E5620A61F6BBD550063AA5B /* HYHomeImgCell.h */,
				3E5620A71F6BBD550063AA5B /* HYHomeImgCell.m */,
				3E5620AF1F6BBDBF0063AA5B /* HYHomeTitleScrollCell.h */,
				3E5620B01F6BBDC00063AA5B /* HYHomeTitleScrollCell.m */,
				3E5620B21F6BBDD00063AA5B /* HYHomeImgScrollCell.h */,
				3E5620B31F6BBDD00063AA5B /* HYHomeImgScrollCell.m */,
				3E5620B51F6BBDE40063AA5B /* HYHomeCollectionCell.h */,
				3E5620B61F6BBDE40063AA5B /* HYHomeCollectionCell.m */,
				3E5620B81F6BBDFE0063AA5B /* HYHomeBannerCell.h */,
				3E5620B91F6BBDFE0063AA5B /* HYHomeBannerCell.m */,
				3E2754431F6F71DE0010053E /* HYTypeRecommendCell.h */,
				3E2754441F6F71DE0010053E /* HYTypeRecommendCell.m */,
				3E2754461F6F727C0010053E /* HYTypeRecommendCollectionViewCell.h */,
				3E2754471F6F727C0010053E /* HYTypeRecommendCollectionViewCell.m */,
				3E5620BB1F6BBE550063AA5B /* HYHomeDoodsCell.h */,
				3E5620BC1F6BBE550063AA5B /* HYHomeDoodsCell.m */,
				3E934DDA1F6BD4CE00F3ADE4 /* HYHomeCollectionViewCell.h */,
				3E934DDB1F6BD4CE00F3ADE4 /* HYHomeCollectionViewCell.m */,
				3E27543A1F6F61E40010053E /* HYHomeTagsCollectionViewCell.h */,
				3E27543B1F6F61E40010053E /* HYHomeTagsCollectionViewCell.m */,
			);
			path = Cell;
			sourceTree = "<group>";
		};
		3EA0BC031F725CC700F78FDD /* Products */ = {
			isa = PBXGroup;
			children = (
				3EA0BC001F725CA100F78FDD /* HYProductsImageCell.h */,
				3EA0BC011F725CA100F78FDD /* HYProductsImageCell.m */,
				3EA0BC041F725CDB00F78FDD /* HYProductsInfoTableViewCell.h */,
				3EA0BC051F725CDB00F78FDD /* HYProductsInfoTableViewCell.m */,
				3EA0BC071F725D2600F78FDD /* HYProductsSpecificationCell.h */,
				3EA0BC081F725D2600F78FDD /* HYProductsSpecificationCell.m */,
				3EA0BC0A1F725D5B00F78FDD /* HYProductsImageDetailCell.h */,
				3EA0BC0B1F725D5B00F78FDD /* HYProductsImageDetailCell.m */,
			);
			path = Products;
			sourceTree = "<group>";
		};
		3EA0BC0D1F7364EE00F78FDD /* View */ = {
			isa = PBXGroup;
			children = (
				3EA0BC0E1F73651100F78FDD /* HYGoodsDetailBottomView.h */,
				3EA0BC0F1F73651100F78FDD /* HYGoodsDetailBottomView.m */,
				3EA0BC111F739EF700F78FDD /* HYGoodSpecificationSelectView.h */,
				3EA0BC121F739EF700F78FDD /* HYGoodSpecificationSelectView.m */,
				3EA0BC1A1F74E3AD00F78FDD /* HYShareView.h */,
				3EA0BC1B1F74E3AD00F78FDD /* HYShareView.m */,
				3EA0BC141F73A4D900F78FDD /* HYBuyCountEditView.h */,
				3EA0BC151F73A4D900F78FDD /* HYBuyCountEditView.m */,
			);
			path = View;
			sourceTree = "<group>";
		};
		67F8F436E989411A9535A2B7 /* Pods */ = {
			isa = PBXGroup;
			children = (
				45E8DFB54BDE032589E2D1AD /* Pods-DaCongMing.debug.xcconfig */,
				36367516A039862097AF5595 /* Pods-DaCongMing.release.xcconfig */,
			);
			name = Pods;
			sourceTree = "<group>";
		};
		A26883657B03753D71FBDDF9 /* Frameworks */ = {
			isa = PBXGroup;
			children = (
				3EEDC95B1F724521007171FA /* libsqlite3.0.tbd */,
				3EEDC9591F724511007171FA /* libz.1.1.3.tbd */,
				3EEDC9571F7244DC007171FA /* libc++.tbd */,
				6270C7E5FCB624CCCCEF7D0E /* libPods-DaCongMing.a */,
			);
			name = Frameworks;
			sourceTree = "<group>";
		};
/* End PBXGroup section */

/* Begin PBXNativeTarget section */
		3E5620181F6B6A800063AA5B /* DaCongMing */ = {
			isa = PBXNativeTarget;
			buildConfigurationList = 3E5620301F6B6A800063AA5B /* Build configuration list for PBXNativeTarget "DaCongMing" */;
			buildPhases = (
				E7196531EE3BD62BF90EAC26 /* [CP] Check Pods Manifest.lock */,
				3E5620151F6B6A800063AA5B /* Sources */,
				3E5620161F6B6A800063AA5B /* Frameworks */,
				3E5620171F6B6A800063AA5B /* Resources */,
				367EACCAD77C08C3ED4109E0 /* [CP] Embed Pods Frameworks */,
				6FFB837BF2ECA4989908A1B7 /* [CP] Copy Pods Resources */,
			);
			buildRules = (
			);
			dependencies = (
			);
			name = DaCongMing;
			productName = DaCongMing;
			productReference = 3E5620191F6B6A800063AA5B /* DaCongMing.app */;
			productType = "com.apple.product-type.application";
		};
/* End PBXNativeTarget section */

/* Begin PBXProject section */
		3E5620111F6B6A800063AA5B /* Project object */ = {
			isa = PBXProject;
			attributes = {
				CLASSPREFIX = HY;
				LastUpgradeCheck = 0830;
				ORGANIZATIONNAME = "胡勇";
				TargetAttributes = {
					3E5620181F6B6A800063AA5B = {
						CreatedOnToolsVersion = 8.3.3;
						DevelopmentTeam = N258QY3YD6;
						ProvisioningStyle = Automatic;
					};
				};
			};
			buildConfigurationList = 3E5620141F6B6A800063AA5B /* Build configuration list for PBXProject "DaCongMing" */;
			compatibilityVersion = "Xcode 3.2";
			developmentRegion = English;
			hasScannedForEncodings = 0;
			knownRegions = (
				en,
				Base,
			);
			mainGroup = 3E5620101F6B6A800063AA5B;
			productRefGroup = 3E56201A1F6B6A800063AA5B /* Products */;
			projectDirPath = "";
			projectRoot = "";
			targets = (
				3E5620181F6B6A800063AA5B /* DaCongMing */,
			);
		};
/* End PBXProject section */

/* Begin PBXResourcesBuildPhase section */
		3E5620171F6B6A800063AA5B /* Resources */ = {
			isa = PBXResourcesBuildPhase;
			buildActionMask = 2147483647;
			files = (
				3E5620291F6B6A800063AA5B /* Assets.xcassets in Resources */,
			);
			runOnlyForDeploymentPostprocessing = 0;
		};
/* End PBXResourcesBuildPhase section */

/* Begin PBXShellScriptBuildPhase section */
		367EACCAD77C08C3ED4109E0 /* [CP] Embed Pods Frameworks */ = {
			isa = PBXShellScriptBuildPhase;
			buildActionMask = 2147483647;
			files = (
			);
			inputPaths = (
			);
			name = "[CP] Embed Pods Frameworks";
			outputPaths = (
			);
			runOnlyForDeploymentPostprocessing = 0;
			shellPath = /bin/sh;
			shellScript = "\"${SRCROOT}/Pods/Target Support Files/Pods-DaCongMing/Pods-DaCongMing-frameworks.sh\"\n";
			showEnvVarsInLog = 0;
		};
		6FFB837BF2ECA4989908A1B7 /* [CP] Copy Pods Resources */ = {
			isa = PBXShellScriptBuildPhase;
			buildActionMask = 2147483647;
			files = (
			);
			inputPaths = (
				"${SRCROOT}/Pods/Target Support Files/Pods-DaCongMing/Pods-DaCongMing-resources.sh",
				"${PODS_ROOT}/IQKeyboardManager/IQKeyboardManager/Resources/IQKeyboardManager.bundle",
				"${PODS_ROOT}/MJRefresh/MJRefresh/MJRefresh.bundle",
			);
			name = "[CP] Copy Pods Resources";
			outputPaths = (
				"${TARGET_BUILD_DIR}/${UNLOCALIZED_RESOURCES_FOLDER_PATH}",
			);
			runOnlyForDeploymentPostprocessing = 0;
			shellPath = /bin/sh;
			shellScript = "\"${SRCROOT}/Pods/Target Support Files/Pods-DaCongMing/Pods-DaCongMing-resources.sh\"\n";
			showEnvVarsInLog = 0;
		};
		E7196531EE3BD62BF90EAC26 /* [CP] Check Pods Manifest.lock */ = {
			isa = PBXShellScriptBuildPhase;
			buildActionMask = 2147483647;
			files = (
			);
			inputPaths = (
				"${PODS_PODFILE_DIR_PATH}/Podfile.lock",
				"${PODS_ROOT}/Manifest.lock",
			);
			name = "[CP] Check Pods Manifest.lock";
			outputPaths = (
				"$(DERIVED_FILE_DIR)/Pods-DaCongMing-checkManifestLockResult.txt",
			);
			runOnlyForDeploymentPostprocessing = 0;
			shellPath = /bin/sh;
			shellScript = "diff \"${PODS_PODFILE_DIR_PATH}/Podfile.lock\" \"${PODS_ROOT}/Manifest.lock\" > /dev/null\nif [ $? != 0 ] ; then\n    # print error to STDERR\n    echo \"error: The sandbox is not in sync with the Podfile.lock. Run 'pod install' or update your CocoaPods installation.\" >&2\n    exit 1\nfi\n# This output is used by Xcode 'outputs' to avoid re-running this script phase.\necho \"SUCCESS\" > \"${SCRIPT_OUTPUT_FILE_0}\"\n";
			showEnvVarsInLog = 0;
		};
/* End PBXShellScriptBuildPhase section */

/* Begin PBXSourcesBuildPhase section */
		3E5620151F6B6A800063AA5B /* Sources */ = {
			isa = PBXSourcesBuildPhase;
			buildActionMask = 2147483647;
			files = (
				3E5620B41F6BBDD00063AA5B /* HYHomeImgScrollCell.m in Sources */,
				3E27547A1F70EDF10010053E /* HYUserHandle.m in Sources */,
				3E2754881F710DCF0010053E /* HYGoodsItemModel.m in Sources */,
				3E2754391F6F56EE0010053E /* HYItemListModel.m in Sources */,
				3E934DDF1F6BD78100F3ADE4 /* HYReCommendTday.m in Sources */,
				3E56207A1F6B6DAC0063AA5B /* UIView+Toast.m in Sources */,
				3E2754711F70C06C0010053E /* HYButton.m in Sources */,
				3E5620B11F6BBDC00063AA5B /* HYHomeTitleScrollCell.m in Sources */,
				3E5620781F6B6DAC0063AA5B /* MBProgressHUD+HYExtension.m in Sources */,
				3E5620971F6B72F30063AA5B /* HYMineViewController.m in Sources */,
				3E56204E1F6B6D5C0063AA5B /* HYBaseViewController.m in Sources */,
				3E2754741F70D3600010053E /* HYUserModel.m in Sources */,
				3E27545E1F6FBF850010053E /* HYCompleteView.m in Sources */,
				3E5620841F6B6DAC0063AA5B /* HYPhotoBrowseView.m in Sources */,
				3E5620A81F6BBD550063AA5B /* HYHomeImgCell.m in Sources */,
				3E5620A11F6BA0D60063AA5B /* HYHomePageView.m in Sources */,
				3E27549E1F72185F0010053E /* HYGoodsDetailModel.m in Sources */,
				3E5620811F6B6DAC0063AA5B /* HYImagePickerManager.m in Sources */,
				3E2754481F6F727C0010053E /* HYTypeRecommendCollectionViewCell.m in Sources */,
				3E56207B1F6B6DAC0063AA5B /* Const.m in Sources */,
				3E27543F1F6F64630010053E /* HYTagsItemModel.m in Sources */,
				3E2754551F6F9C6B0010053E /* HYLoginViewController.m in Sources */,
				3E2754641F70AA4A0010053E /* HYMineHeaderView.m in Sources */,
				3E5620911F6B72D90063AA5B /* HYSortViewController.m in Sources */,
				3E56208E1F6B728E0063AA5B /* HYHomePageViewController.m in Sources */,
				3EA0BC021F725CA100F78FDD /* HYProductsImageCell.m in Sources */,
				3E5620BA1F6BBDFE0063AA5B /* HYHomeBannerCell.m in Sources */,
				3EA0BC161F73A4D900F78FDD /* HYBuyCountEditView.m in Sources */,
				3E27546B1F70B2970010053E /* HYOrderTableViewCell.m in Sources */,
				3E2754451F6F71DE0010053E /* HYTypeRecommendCell.m in Sources */,
				3E27549B1F72166E0010053E /* HYGoodsDetailInfoViewController.m in Sources */,
				3E56209A1F6B7BB10063AA5B /* HYNavTitleView.m in Sources */,
				3E5620B71F6BBDE40063AA5B /* HYHomeCollectionCell.m in Sources */,
				3EA0BC131F739EF700F78FDD /* HYGoodSpecificationSelectView.m in Sources */,
				3E5620211F6B6A800063AA5B /* AppDelegate.m in Sources */,
				3EA0BC091F725D2600F78FDD /* HYProductsSpecificationCell.m in Sources */,
				3E2754841F7101540010053E /* HYGoodsItemCollectionViewCell.m in Sources */,
				3E2754511F6F96E00010053E /* HYSortTableViewCell.m in Sources */,
				3E56201E1F6B6A800063AA5B /* main.m in Sources */,
				3EA0BC061F725CDB00F78FDD /* HYProductsInfoTableViewCell.m in Sources */,
				3E27544B1F6F734B0010053E /* HYTypeRecommendItemModel.m in Sources */,
				3E2754361F6F56580010053E /* HYGoodHealthModel.m in Sources */,
				3E27548B1F7111800010053E /* HYRequestGoodsList.m in Sources */,
				3E2754911F7200CD0010053E /* HYGoodsListViewController.m in Sources */,
				3E5620821F6B6DAC0063AA5B /* HYLocationManager.m in Sources */,
				3E27546E1F70B2BC0010053E /* HYMineInfoTableViewCell.m in Sources */,
				3E5620791F6B6DAC0063AA5B /* UIColor+HexString.m in Sources */,
				3EA0BC101F73651100F78FDD /* HYGoodsDetailBottomView.m in Sources */,
				3E2754421F6F6CD00010053E /* HYBrands.m in Sources */,
				3E27545B1F6FBF3A0010053E /* HYCompleteInfoViewController.m in Sources */,
				3E5620851F6B6DAC0063AA5B /* JRToast.m in Sources */,
				3E56207E1F6B6DAC0063AA5B /* HTTPManager.m in Sources */,
				3E2754681F70B2620010053E /* HYInviteFriendsTableViewCell.m in Sources */,
				3E56207F1F6B6DAC0063AA5B /* DESECB.m in Sources */,
				3EA0BC0C1F725D5B00F78FDD /* HYProductsImageDetailCell.m in Sources */,
				3E5620801F6B6DAC0063AA5B /* GTMBase64.m in Sources */,
				3E27543C1F6F61E40010053E /* HYHomeTagsCollectionViewCell.m in Sources */,
				3E27547F1F70FBED0010053E /* HYNoGoodsTableViewCell.m in Sources */,
				3E2754A11F721AC00010053E /* HYGoodsItemProp.m in Sources */,
				3E56209E1F6B9EEF0063AA5B /* HYHomePageModel.m in Sources */,
				3E5620941F6B72E90063AA5B /* HYShoppingCartViewController.m in Sources */,
				3E5620A41F6BA16D0063AA5B /* HYHomeViewModel.m in Sources */,
				3E5620511F6B6D720063AA5B /* HYBaseNavController.m in Sources */,
				3EA0BC191F74DF1600F78FDD /* HYOrderConfirmViewController.m in Sources */,
				3E934DDC1F6BD4CE00F3ADE4 /* HYHomeCollectionViewCell.m in Sources */,
				3E27544E1F6F952B0010053E /* HYSortModel.m in Sources */,
				3EA0BC1C1F74E3AD00F78FDD /* HYShareView.m in Sources */,
				3E2754611F6FD6610010053E /* HYSetPasswordViewController.m in Sources */,
				3E56208B1F6B72750063AA5B /* HYTabBarController.m in Sources */,
				3E2754A41F721BE60010053E /* HYGoodsItemImage.m in Sources */,
				3E2754581F6F9D520010053E /* HYLoginView.m in Sources */,
				3E56204B1F6B6D440063AA5B /* HYBaseModel.m in Sources */,
				3E5620831F6B6DAC0063AA5B /* HYPhoneInfo.m in Sources */,
				3E5620861F6B6DAC0063AA5B /* TitleRoll.m in Sources */,
				3E5620BD1F6BBE550063AA5B /* HYHomeDoodsCell.m in Sources */,
			);
			runOnlyForDeploymentPostprocessing = 0;
		};
/* End PBXSourcesBuildPhase section */

/* Begin XCBuildConfiguration section */
		3E56202E1F6B6A800063AA5B /* Debug */ = {
			isa = XCBuildConfiguration;
			buildSettings = {
				ALWAYS_SEARCH_USER_PATHS = NO;
				CLANG_ANALYZER_NONNULL = YES;
				CLANG_ANALYZER_NUMBER_OBJECT_CONVERSION = YES_AGGRESSIVE;
				CLANG_CXX_LANGUAGE_STANDARD = "gnu++0x";
				CLANG_CXX_LIBRARY = "libc++";
				CLANG_ENABLE_MODULES = YES;
				CLANG_ENABLE_OBJC_ARC = YES;
				CLANG_WARN_BOOL_CONVERSION = YES;
				CLANG_WARN_CONSTANT_CONVERSION = YES;
				CLANG_WARN_DIRECT_OBJC_ISA_USAGE = YES_ERROR;
				CLANG_WARN_DOCUMENTATION_COMMENTS = YES;
				CLANG_WARN_EMPTY_BODY = YES;
				CLANG_WARN_ENUM_CONVERSION = YES;
				CLANG_WARN_INFINITE_RECURSION = YES;
				CLANG_WARN_INT_CONVERSION = YES;
				CLANG_WARN_OBJC_ROOT_CLASS = YES_ERROR;
				CLANG_WARN_SUSPICIOUS_MOVE = YES;
				CLANG_WARN_UNREACHABLE_CODE = YES;
				CLANG_WARN__DUPLICATE_METHOD_MATCH = YES;
				"CODE_SIGN_IDENTITY[sdk=iphoneos*]" = "iPhone Developer";
				COPY_PHASE_STRIP = NO;
				DEBUG_INFORMATION_FORMAT = dwarf;
				ENABLE_STRICT_OBJC_MSGSEND = YES;
				ENABLE_TESTABILITY = YES;
				GCC_C_LANGUAGE_STANDARD = gnu99;
				GCC_DYNAMIC_NO_PIC = NO;
				GCC_NO_COMMON_BLOCKS = YES;
				GCC_OPTIMIZATION_LEVEL = 0;
				GCC_PREPROCESSOR_DEFINITIONS = (
					"DEBUG=1",
					"$(inherited)",
				);
				GCC_WARN_64_TO_32_BIT_CONVERSION = YES;
				GCC_WARN_ABOUT_RETURN_TYPE = YES_ERROR;
				GCC_WARN_UNDECLARED_SELECTOR = YES;
				GCC_WARN_UNINITIALIZED_AUTOS = YES_AGGRESSIVE;
				GCC_WARN_UNUSED_FUNCTION = YES;
				GCC_WARN_UNUSED_VARIABLE = YES;
				IPHONEOS_DEPLOYMENT_TARGET = 10.3;
				MTL_ENABLE_DEBUG_INFO = YES;
				ONLY_ACTIVE_ARCH = YES;
				SDKROOT = iphoneos;
				TARGETED_DEVICE_FAMILY = "1,2";
			};
			name = Debug;
		};
		3E56202F1F6B6A800063AA5B /* Release */ = {
			isa = XCBuildConfiguration;
			buildSettings = {
				ALWAYS_SEARCH_USER_PATHS = NO;
				CLANG_ANALYZER_NONNULL = YES;
				CLANG_ANALYZER_NUMBER_OBJECT_CONVERSION = YES_AGGRESSIVE;
				CLANG_CXX_LANGUAGE_STANDARD = "gnu++0x";
				CLANG_CXX_LIBRARY = "libc++";
				CLANG_ENABLE_MODULES = YES;
				CLANG_ENABLE_OBJC_ARC = YES;
				CLANG_WARN_BOOL_CONVERSION = YES;
				CLANG_WARN_CONSTANT_CONVERSION = YES;
				CLANG_WARN_DIRECT_OBJC_ISA_USAGE = YES_ERROR;
				CLANG_WARN_DOCUMENTATION_COMMENTS = YES;
				CLANG_WARN_EMPTY_BODY = YES;
				CLANG_WARN_ENUM_CONVERSION = YES;
				CLANG_WARN_INFINITE_RECURSION = YES;
				CLANG_WARN_INT_CONVERSION = YES;
				CLANG_WARN_OBJC_ROOT_CLASS = YES_ERROR;
				CLANG_WARN_SUSPICIOUS_MOVE = YES;
				CLANG_WARN_UNREACHABLE_CODE = YES;
				CLANG_WARN__DUPLICATE_METHOD_MATCH = YES;
				"CODE_SIGN_IDENTITY[sdk=iphoneos*]" = "iPhone Developer";
				COPY_PHASE_STRIP = NO;
				DEBUG_INFORMATION_FORMAT = "dwarf-with-dsym";
				ENABLE_NS_ASSERTIONS = NO;
				ENABLE_STRICT_OBJC_MSGSEND = YES;
				GCC_C_LANGUAGE_STANDARD = gnu99;
				GCC_NO_COMMON_BLOCKS = YES;
				GCC_WARN_64_TO_32_BIT_CONVERSION = YES;
				GCC_WARN_ABOUT_RETURN_TYPE = YES_ERROR;
				GCC_WARN_UNDECLARED_SELECTOR = YES;
				GCC_WARN_UNINITIALIZED_AUTOS = YES_AGGRESSIVE;
				GCC_WARN_UNUSED_FUNCTION = YES;
				GCC_WARN_UNUSED_VARIABLE = YES;
				IPHONEOS_DEPLOYMENT_TARGET = 10.3;
				MTL_ENABLE_DEBUG_INFO = NO;
				SDKROOT = iphoneos;
				TARGETED_DEVICE_FAMILY = "1,2";
				VALIDATE_PRODUCT = YES;
			};
			name = Release;
		};
		3E5620311F6B6A800063AA5B /* Debug */ = {
			isa = XCBuildConfiguration;
			baseConfigurationReference = 45E8DFB54BDE032589E2D1AD /* Pods-DaCongMing.debug.xcconfig */;
			buildSettings = {
				ASSETCATALOG_COMPILER_APPICON_NAME = AppIcon;
				ASSETCATALOG_COMPILER_LAUNCHIMAGE_NAME = LaunchImage;
				"CODE_SIGN_IDENTITY[sdk=iphoneos*]" = "iPhone Developer";
				CODE_SIGN_STYLE = Automatic;
				DEVELOPMENT_TEAM = N258QY3YD6;
				ENABLE_BITCODE = NO;
				GCC_PRECOMPILE_PREFIX_HEADER = YES;
				GCC_PREFIX_HEADER = "${SRCROOT}/DaCongMing/DCM/Expand/Macro/PrefixHeader.pch";
				INFOPLIST_FILE = DaCongMing/Info.plist;
				IPHONEOS_DEPLOYMENT_TARGET = 8.0;
				LD_RUNPATH_SEARCH_PATHS = "$(inherited) @executable_path/Frameworks";
				PRODUCT_BUNDLE_IDENTIFIER = com.beanu.hailin;
				PRODUCT_NAME = "$(TARGET_NAME)";
				PROVISIONING_PROFILE_SPECIFIER = "";
			};
			name = Debug;
		};
		3E5620321F6B6A800063AA5B /* Release */ = {
			isa = XCBuildConfiguration;
			baseConfigurationReference = 36367516A039862097AF5595 /* Pods-DaCongMing.release.xcconfig */;
			buildSettings = {
				ASSETCATALOG_COMPILER_APPICON_NAME = AppIcon;
				ASSETCATALOG_COMPILER_LAUNCHIMAGE_NAME = LaunchImage;
				"CODE_SIGN_IDENTITY[sdk=iphoneos*]" = "iPhone Developer";
				CODE_SIGN_STYLE = Automatic;
				DEVELOPMENT_TEAM = N258QY3YD6;
				ENABLE_BITCODE = NO;
				GCC_PRECOMPILE_PREFIX_HEADER = YES;
				GCC_PREFIX_HEADER = "${SRCROOT}/DaCongMing/DCM/Expand/Macro/PrefixHeader.pch";
				INFOPLIST_FILE = DaCongMing/Info.plist;
				IPHONEOS_DEPLOYMENT_TARGET = 8.0;
				LD_RUNPATH_SEARCH_PATHS = "$(inherited) @executable_path/Frameworks";
				PRODUCT_BUNDLE_IDENTIFIER = com.beanu.hailin;
				PRODUCT_NAME = "$(TARGET_NAME)";
				PROVISIONING_PROFILE_SPECIFIER = "";
			};
			name = Release;
		};
/* End XCBuildConfiguration section */

/* Begin XCConfigurationList section */
		3E5620141F6B6A800063AA5B /* Build configuration list for PBXProject "DaCongMing" */ = {
			isa = XCConfigurationList;
			buildConfigurations = (
				3E56202E1F6B6A800063AA5B /* Debug */,
				3E56202F1F6B6A800063AA5B /* Release */,
			);
			defaultConfigurationIsVisible = 0;
			defaultConfigurationName = Release;
		};
		3E5620301F6B6A800063AA5B /* Build configuration list for PBXNativeTarget "DaCongMing" */ = {
			isa = XCConfigurationList;
			buildConfigurations = (
				3E5620311F6B6A800063AA5B /* Debug */,
				3E5620321F6B6A800063AA5B /* Release */,
			);
			defaultConfigurationIsVisible = 0;
			defaultConfigurationName = Release;
		};
/* End XCConfigurationList section */
	};
	rootObject = 3E5620111F6B6A800063AA5B /* Project object */;
}
